// !$*UTF8*$!
{
	archiveVersion = 1;
	classes = {
	};
	objectVersion = 46;
	objects = {

/* Begin PBXBuildFile section */
		4F20765C1CC76F3700C12949 /* LICENSE in Resources */ = {isa = PBXBuildFile; fileRef = 4F2076401CC76F3700C12949 /* LICENSE */; };
		4F20765D1CC76F3700C12949 /* MASCompositeConstraint.m in Sources */ = {isa = PBXBuildFile; fileRef = 4F2076431CC76F3700C12949 /* MASCompositeConstraint.m */; };
		4F20765E1CC76F3700C12949 /* MASConstraint.m in Sources */ = {isa = PBXBuildFile; fileRef = 4F2076461CC76F3700C12949 /* MASConstraint.m */; };
		4F20765F1CC76F3700C12949 /* MASConstraintMaker.m in Sources */ = {isa = PBXBuildFile; fileRef = 4F2076481CC76F3700C12949 /* MASConstraintMaker.m */; };
		4F2076601CC76F3700C12949 /* MASLayoutConstraint.m in Sources */ = {isa = PBXBuildFile; fileRef = 4F20764A1CC76F3700C12949 /* MASLayoutConstraint.m */; };
		4F2076611CC76F3700C12949 /* MASViewAttribute.m in Sources */ = {isa = PBXBuildFile; fileRef = 4F20764E1CC76F3700C12949 /* MASViewAttribute.m */; };
		4F2076621CC76F3700C12949 /* MASViewConstraint.m in Sources */ = {isa = PBXBuildFile; fileRef = 4F2076501CC76F3700C12949 /* MASViewConstraint.m */; };
		4F2076631CC76F3700C12949 /* NSArray+MASAdditions.m in Sources */ = {isa = PBXBuildFile; fileRef = 4F2076521CC76F3700C12949 /* NSArray+MASAdditions.m */; };
		4F2076641CC76F3700C12949 /* NSLayoutConstraint+MASDebugAdditions.m in Sources */ = {isa = PBXBuildFile; fileRef = 4F2076551CC76F3700C12949 /* NSLayoutConstraint+MASDebugAdditions.m */; };
		4F2076651CC76F3700C12949 /* View+MASAdditions.m in Sources */ = {isa = PBXBuildFile; fileRef = 4F2076571CC76F3700C12949 /* View+MASAdditions.m */; };
		4F2076661CC76F3700C12949 /* ViewController+MASAdditions.m in Sources */ = {isa = PBXBuildFile; fileRef = 4F20765A1CC76F3700C12949 /* ViewController+MASAdditions.m */; };
		4F2076671CC76F3700C12949 /* README.md in Sources */ = {isa = PBXBuildFile; fileRef = 4F20765B1CC76F3700C12949 /* README.md */; };
		4F20766A1CC7700100C12949 /* CZCountDownView.m in Sources */ = {isa = PBXBuildFile; fileRef = 4F2076691CC7700100C12949 /* CZCountDownView.m */; };
		4F2076B51CC781F100C12949 /* CollectionViewCell.m in Sources */ = {isa = PBXBuildFile; fileRef = 4F2076B31CC781F100C12949 /* CollectionViewCell.m */; };
		4F2076B61CC781F100C12949 /* CollectionViewCell.xib in Resources */ = {isa = PBXBuildFile; fileRef = 4F2076B41CC781F100C12949 /* CollectionViewCell.xib */; };
		4F2076C71CC8673E00C12949 /* TAAbstractDotView.m in Sources */ = {isa = PBXBuildFile; fileRef = 4F2076BA1CC8673E00C12949 /* TAAbstractDotView.m */; };
		4F2076C81CC8673E00C12949 /* TAAnimatedDotView.m in Sources */ = {isa = PBXBuildFile; fileRef = 4F2076BC1CC8673E00C12949 /* TAAnimatedDotView.m */; };
		4F2076C91CC8673E00C12949 /* TADotView.m in Sources */ = {isa = PBXBuildFile; fileRef = 4F2076BE1CC8673E00C12949 /* TADotView.m */; };
		4F2076CA1CC8673E00C12949 /* TAPageControl.m in Sources */ = {isa = PBXBuildFile; fileRef = 4F2076C01CC8673E00C12949 /* TAPageControl.m */; };
		4F2076CB1CC8673E00C12949 /* SDCollectionViewCell.m in Sources */ = {isa = PBXBuildFile; fileRef = 4F2076C21CC8673E00C12949 /* SDCollectionViewCell.m */; };
		4F2076CC1CC8673E00C12949 /* SDCycleScrollView.m in Sources */ = {isa = PBXBuildFile; fileRef = 4F2076C41CC8673E00C12949 /* SDCycleScrollView.m */; };
		4F2076CD1CC8673E00C12949 /* UIView+SDExtension.m in Sources */ = {isa = PBXBuildFile; fileRef = 4F2076C61CC8673E00C12949 /* UIView+SDExtension.m */; };
		4F2076EF1CC868CA00C12949 /* LICENSE in Resources */ = {isa = PBXBuildFile; fileRef = 4F2076CF1CC868CA00C12949 /* LICENSE */; };
		4F2076F01CC868CA00C12949 /* README.md in Sources */ = {isa = PBXBuildFile; fileRef = 4F2076D01CC868CA00C12949 /* README.md */; };
		4F2076F11CC868CA00C12949 /* NSData+ImageContentType.m in Sources */ = {isa = PBXBuildFile; fileRef = 4F2076D31CC868CA00C12949 /* NSData+ImageContentType.m */; };
		4F2076F21CC868CA00C12949 /* SDImageCache.m in Sources */ = {isa = PBXBuildFile; fileRef = 4F2076D51CC868CA00C12949 /* SDImageCache.m */; };
		4F2076F31CC868CA00C12949 /* SDWebImageCompat.m in Sources */ = {isa = PBXBuildFile; fileRef = 4F2076D71CC868CA00C12949 /* SDWebImageCompat.m */; };
		4F2076F41CC868CA00C12949 /* SDWebImageDecoder.m in Sources */ = {isa = PBXBuildFile; fileRef = 4F2076D91CC868CA00C12949 /* SDWebImageDecoder.m */; };
		4F2076F51CC868CA00C12949 /* SDWebImageDownloader.m in Sources */ = {isa = PBXBuildFile; fileRef = 4F2076DB1CC868CA00C12949 /* SDWebImageDownloader.m */; };
		4F2076F61CC868CA00C12949 /* SDWebImageDownloaderOperation.m in Sources */ = {isa = PBXBuildFile; fileRef = 4F2076DD1CC868CA00C12949 /* SDWebImageDownloaderOperation.m */; };
		4F2076F71CC868CA00C12949 /* SDWebImageManager.m in Sources */ = {isa = PBXBuildFile; fileRef = 4F2076DF1CC868CA00C12949 /* SDWebImageManager.m */; };
		4F2076F81CC868CA00C12949 /* SDWebImagePrefetcher.m in Sources */ = {isa = PBXBuildFile; fileRef = 4F2076E21CC868CA00C12949 /* SDWebImagePrefetcher.m */; };
		4F2076F91CC868CA00C12949 /* UIButton+WebCache.m in Sources */ = {isa = PBXBuildFile; fileRef = 4F2076E41CC868CA00C12949 /* UIButton+WebCache.m */; };
		4F2076FA1CC868CA00C12949 /* UIImage+GIF.m in Sources */ = {isa = PBXBuildFile; fileRef = 4F2076E61CC868CA00C12949 /* UIImage+GIF.m */; };
		4F2076FB1CC868CA00C12949 /* UIImage+MultiFormat.m in Sources */ = {isa = PBXBuildFile; fileRef = 4F2076E81CC868CA00C12949 /* UIImage+MultiFormat.m */; };
		4F2076FC1CC868CA00C12949 /* UIImageView+HighlightedWebCache.m in Sources */ = {isa = PBXBuildFile; fileRef = 4F2076EA1CC868CA00C12949 /* UIImageView+HighlightedWebCache.m */; };
		4F2076FD1CC868CA00C12949 /* UIImageView+WebCache.m in Sources */ = {isa = PBXBuildFile; fileRef = 4F2076EC1CC868CA00C12949 /* UIImageView+WebCache.m */; };
		4F2076FE1CC868CA00C12949 /* UIView+WebCacheOperation.m in Sources */ = {isa = PBXBuildFile; fileRef = 4F2076EE1CC868CA00C12949 /* UIView+WebCacheOperation.m */; };
		4F20776F1CC8781700C12949 /* TableViewCell2-MylinerLayout.m in Sources */ = {isa = PBXBuildFile; fileRef = 4F20776E1CC8781700C12949 /* TableViewCell2-MylinerLayout.m */; };
		4F2077901CC8789D00C12949 /* MyBaseLayout.m in Sources */ = {isa = PBXBuildFile; fileRef = 4F2077711CC8789D00C12949 /* MyBaseLayout.m */; };
		4F2077911CC8789D00C12949 /* MyDimeScale.m in Sources */ = {isa = PBXBuildFile; fileRef = 4F2077731CC8789D00C12949 /* MyDimeScale.m */; };
		4F2077921CC8789D00C12949 /* MyFloatLayout.m in Sources */ = {isa = PBXBuildFile; fileRef = 4F2077751CC8789D00C12949 /* MyFloatLayout.m */; };
		4F2077931CC8789D00C12949 /* MyFlowLayout.m in Sources */ = {isa = PBXBuildFile; fileRef = 4F2077771CC8789D00C12949 /* MyFlowLayout.m */; };
		4F2077941CC8789D00C12949 /* MyFrameLayout.m in Sources */ = {isa = PBXBuildFile; fileRef = 4F2077791CC8789D00C12949 /* MyFrameLayout.m */; };
		4F2077951CC8789D00C12949 /* MyLayoutDime.m in Sources */ = {isa = PBXBuildFile; fileRef = 4F20777D1CC8789D00C12949 /* MyLayoutDime.m */; };
		4F2077961CC8789D00C12949 /* MyLayoutMeasure.m in Sources */ = {isa = PBXBuildFile; fileRef = 4F2077811CC8789D00C12949 /* MyLayoutMeasure.m */; };
		4F2077971CC8789D00C12949 /* MyLayoutPos.m in Sources */ = {isa = PBXBuildFile; fileRef = 4F2077831CC8789D00C12949 /* MyLayoutPos.m */; };
		4F2077981CC8789D00C12949 /* MyLayoutSizeClass.m in Sources */ = {isa = PBXBuildFile; fileRef = 4F2077861CC8789D00C12949 /* MyLayoutSizeClass.m */; };
		4F2077991CC8789D00C12949 /* MyLinearLayout.m in Sources */ = {isa = PBXBuildFile; fileRef = 4F2077881CC8789D00C12949 /* MyLinearLayout.m */; };
		4F20779A1CC8789D00C12949 /* MyMaker.m in Sources */ = {isa = PBXBuildFile; fileRef = 4F20778A1CC8789D00C12949 /* MyMaker.m */; };
		4F20779B1CC8789D00C12949 /* MyRelativeLayout.m in Sources */ = {isa = PBXBuildFile; fileRef = 4F20778C1CC8789D00C12949 /* MyRelativeLayout.m */; };
		4F20779C1CC8789D00C12949 /* MyTableLayout.m in Sources */ = {isa = PBXBuildFile; fileRef = 4F20778E1CC8789D00C12949 /* MyTableLayout.m */; };
		4F20779F1CC89E0E00C12949 /* TableViewCell3-hot.m in Sources */ = {isa = PBXBuildFile; fileRef = 4F20779E1CC89E0E00C12949 /* TableViewCell3-hot.m */; };
		4F6468A01CC7558800D94FA7 /* main.m in Sources */ = {isa = PBXBuildFile; fileRef = 4F64689F1CC7558800D94FA7 /* main.m */; };
		4F6468A31CC7558800D94FA7 /* AppDelegate.m in Sources */ = {isa = PBXBuildFile; fileRef = 4F6468A21CC7558800D94FA7 /* AppDelegate.m */; };
		4F6468A61CC7558800D94FA7 /* ViewController.m in Sources */ = {isa = PBXBuildFile; fileRef = 4F6468A51CC7558800D94FA7 /* ViewController.m */; };
		4F6468A91CC7558800D94FA7 /* Main.storyboard in Resources */ = {isa = PBXBuildFile; fileRef = 4F6468A71CC7558800D94FA7 /* Main.storyboard */; };
		4F6468AB1CC7558800D94FA7 /* Assets.xcassets in Resources */ = {isa = PBXBuildFile; fileRef = 4F6468AA1CC7558800D94FA7 /* Assets.xcassets */; };
		4F6468AE1CC7558800D94FA7 /* LaunchScreen.storyboard in Resources */ = {isa = PBXBuildFile; fileRef = 4F6468AC1CC7558800D94FA7 /* LaunchScreen.storyboard */; };
		4F6468B91CC7558800D94FA7 /* testcellTests.m in Sources */ = {isa = PBXBuildFile; fileRef = 4F6468B81CC7558800D94FA7 /* testcellTests.m */; };
		4F6468C41CC7558800D94FA7 /* testcellUITests.m in Sources */ = {isa = PBXBuildFile; fileRef = 4F6468C31CC7558800D94FA7 /* testcellUITests.m */; };
		4F6468D31CC7568D00D94FA7 /* TableViewCell.m in Sources */ = {isa = PBXBuildFile; fileRef = 4F6468D21CC7568D00D94FA7 /* TableViewCell.m */; };
		4F6469A51CC75CB900D94FA7 /* Images.xcassets in Resources */ = {isa = PBXBuildFile; fileRef = 4F6469A41CC75CB900D94FA7 /* Images.xcassets */; };
		4FBE6B531CC9BAE300A47166 /* AFHTTPSessionManager.m in Sources */ = {isa = PBXBuildFile; fileRef = 4FBE6B471CC9BAE300A47166 /* AFHTTPSessionManager.m */; };
		4FBE6B541CC9BAE300A47166 /* AFNetworkReachabilityManager.m in Sources */ = {isa = PBXBuildFile; fileRef = 4FBE6B4A1CC9BAE300A47166 /* AFNetworkReachabilityManager.m */; };
		4FBE6B551CC9BAE300A47166 /* AFSecurityPolicy.m in Sources */ = {isa = PBXBuildFile; fileRef = 4FBE6B4C1CC9BAE300A47166 /* AFSecurityPolicy.m */; };
		4FBE6B561CC9BAE300A47166 /* AFURLRequestSerialization.m in Sources */ = {isa = PBXBuildFile; fileRef = 4FBE6B4E1CC9BAE300A47166 /* AFURLRequestSerialization.m */; };
		4FBE6B571CC9BAE300A47166 /* AFURLResponseSerialization.m in Sources */ = {isa = PBXBuildFile; fileRef = 4FBE6B501CC9BAE300A47166 /* AFURLResponseSerialization.m */; };
		4FBE6B581CC9BAE300A47166 /* AFURLSessionManager.m in Sources */ = {isa = PBXBuildFile; fileRef = 4FBE6B521CC9BAE300A47166 /* AFURLSessionManager.m */; };
		4FBE6B5B1CC9BB1B00A47166 /* HttpTool.m in Sources */ = {isa = PBXBuildFile; fileRef = 4FBE6B5A1CC9BB1B00A47166 /* HttpTool.m */; };
		4FBE6B861CC9C4B000A47166 /* JSONModel.m in Sources */ = {isa = PBXBuildFile; fileRef = 4FBE6B6F1CC9C4B000A47166 /* JSONModel.m */; };
		4FBE6B871CC9C4B000A47166 /* JSONModelArray.m in Sources */ = {isa = PBXBuildFile; fileRef = 4FBE6B711CC9C4B000A47166 /* JSONModelArray.m */; };
		4FBE6B881CC9C4B000A47166 /* JSONModelClassProperty.m in Sources */ = {isa = PBXBuildFile; fileRef = 4FBE6B731CC9C4B000A47166 /* JSONModelClassProperty.m */; };
		4FBE6B891CC9C4B000A47166 /* JSONModelError.m in Sources */ = {isa = PBXBuildFile; fileRef = 4FBE6B751CC9C4B000A47166 /* JSONModelError.m */; };
		4FBE6B8A1CC9C4B000A47166 /* NSArray+JSONModel.m in Sources */ = {isa = PBXBuildFile; fileRef = 4FBE6B781CC9C4B000A47166 /* NSArray+JSONModel.m */; };
		4FBE6B8B1CC9C4B000A47166 /* JSONAPI.m in Sources */ = {isa = PBXBuildFile; fileRef = 4FBE6B7C1CC9C4B000A47166 /* JSONAPI.m */; };
		4FBE6B8C1CC9C4B000A47166 /* JSONHTTPClient.m in Sources */ = {isa = PBXBuildFile; fileRef = 4FBE6B7E1CC9C4B000A47166 /* JSONHTTPClient.m */; };
		4FBE6B8D1CC9C4B000A47166 /* JSONModel+networking.m in Sources */ = {isa = PBXBuildFile; fileRef = 4FBE6B801CC9C4B000A47166 /* JSONModel+networking.m */; };
		4FBE6B8E1CC9C4B000A47166 /* JSONKeyMapper.m in Sources */ = {isa = PBXBuildFile; fileRef = 4FBE6B831CC9C4B000A47166 /* JSONKeyMapper.m */; };
		4FBE6B8F1CC9C4B000A47166 /* JSONValueTransformer.m in Sources */ = {isa = PBXBuildFile; fileRef = 4FBE6B851CC9C4B000A47166 /* JSONValueTransformer.m */; };
/* End PBXBuildFile section */

/* Begin PBXContainerItemProxy section */
		4F6468B51CC7558800D94FA7 /* PBXContainerItemProxy */ = {
			isa = PBXContainerItemProxy;
			containerPortal = 4F6468931CC7558800D94FA7 /* Project object */;
			proxyType = 1;
			remoteGlobalIDString = 4F64689A1CC7558800D94FA7;
			remoteInfo = testcell;
		};
		4F6468C01CC7558800D94FA7 /* PBXContainerItemProxy */ = {
			isa = PBXContainerItemProxy;
			containerPortal = 4F6468931CC7558800D94FA7 /* Project object */;
			proxyType = 1;
			remoteGlobalIDString = 4F64689A1CC7558800D94FA7;
			remoteInfo = testcell;
		};
/* End PBXContainerItemProxy section */

/* Begin PBXFileReference section */
		4F2076401CC76F3700C12949 /* LICENSE */ = {isa = PBXFileReference; fileEncoding = 4; lastKnownFileType = text; path = LICENSE; sourceTree = "<group>"; };
		4F2076421CC76F3700C12949 /* MASCompositeConstraint.h */ = {isa = PBXFileReference; fileEncoding = 4; lastKnownFileType = sourcecode.c.h; path = MASCompositeConstraint.h; sourceTree = "<group>"; };
		4F2076431CC76F3700C12949 /* MASCompositeConstraint.m */ = {isa = PBXFileReference; fileEncoding = 4; lastKnownFileType = sourcecode.c.objc; path = MASCompositeConstraint.m; sourceTree = "<group>"; };
		4F2076441CC76F3700C12949 /* MASConstraint+Private.h */ = {isa = PBXFileReference; fileEncoding = 4; lastKnownFileType = sourcecode.c.h; path = "MASConstraint+Private.h"; sourceTree = "<group>"; };
		4F2076451CC76F3700C12949 /* MASConstraint.h */ = {isa = PBXFileReference; fileEncoding = 4; lastKnownFileType = sourcecode.c.h; path = MASConstraint.h; sourceTree = "<group>"; };
		4F2076461CC76F3700C12949 /* MASConstraint.m */ = {isa = PBXFileReference; fileEncoding = 4; lastKnownFileType = sourcecode.c.objc; path = MASConstraint.m; sourceTree = "<group>"; };
		4F2076471CC76F3700C12949 /* MASConstraintMaker.h */ = {isa = PBXFileReference; fileEncoding = 4; lastKnownFileType = sourcecode.c.h; path = MASConstraintMaker.h; sourceTree = "<group>"; };
		4F2076481CC76F3700C12949 /* MASConstraintMaker.m */ = {isa = PBXFileReference; fileEncoding = 4; lastKnownFileType = sourcecode.c.objc; path = MASConstraintMaker.m; sourceTree = "<group>"; };
		4F2076491CC76F3700C12949 /* MASLayoutConstraint.h */ = {isa = PBXFileReference; fileEncoding = 4; lastKnownFileType = sourcecode.c.h; path = MASLayoutConstraint.h; sourceTree = "<group>"; };
		4F20764A1CC76F3700C12949 /* MASLayoutConstraint.m */ = {isa = PBXFileReference; fileEncoding = 4; lastKnownFileType = sourcecode.c.objc; path = MASLayoutConstraint.m; sourceTree = "<group>"; };
		4F20764B1CC76F3700C12949 /* Masonry.h */ = {isa = PBXFileReference; fileEncoding = 4; lastKnownFileType = sourcecode.c.h; path = Masonry.h; sourceTree = "<group>"; };
		4F20764C1CC76F3700C12949 /* MASUtilities.h */ = {isa = PBXFileReference; fileEncoding = 4; lastKnownFileType = sourcecode.c.h; path = MASUtilities.h; sourceTree = "<group>"; };
		4F20764D1CC76F3700C12949 /* MASViewAttribute.h */ = {isa = PBXFileReference; fileEncoding = 4; lastKnownFileType = sourcecode.c.h; path = MASViewAttribute.h; sourceTree = "<group>"; };
		4F20764E1CC76F3700C12949 /* MASViewAttribute.m */ = {isa = PBXFileReference; fileEncoding = 4; lastKnownFileType = sourcecode.c.objc; path = MASViewAttribute.m; sourceTree = "<group>"; };
		4F20764F1CC76F3700C12949 /* MASViewConstraint.h */ = {isa = PBXFileReference; fileEncoding = 4; lastKnownFileType = sourcecode.c.h; path = MASViewConstraint.h; sourceTree = "<group>"; };
		4F2076501CC76F3700C12949 /* MASViewConstraint.m */ = {isa = PBXFileReference; fileEncoding = 4; lastKnownFileType = sourcecode.c.objc; path = MASViewConstraint.m; sourceTree = "<group>"; };
		4F2076511CC76F3700C12949 /* NSArray+MASAdditions.h */ = {isa = PBXFileReference; fileEncoding = 4; lastKnownFileType = sourcecode.c.h; path = "NSArray+MASAdditions.h"; sourceTree = "<group>"; };
		4F2076521CC76F3700C12949 /* NSArray+MASAdditions.m */ = {isa = PBXFileReference; fileEncoding = 4; lastKnownFileType = sourcecode.c.objc; path = "NSArray+MASAdditions.m"; sourceTree = "<group>"; };
		4F2076531CC76F3700C12949 /* NSArray+MASShorthandAdditions.h */ = {isa = PBXFileReference; fileEncoding = 4; lastKnownFileType = sourcecode.c.h; path = "NSArray+MASShorthandAdditions.h"; sourceTree = "<group>"; };
		4F2076541CC76F3700C12949 /* NSLayoutConstraint+MASDebugAdditions.h */ = {isa = PBXFileReference; fileEncoding = 4; lastKnownFileType = sourcecode.c.h; path = "NSLayoutConstraint+MASDebugAdditions.h"; sourceTree = "<group>"; };
		4F2076551CC76F3700C12949 /* NSLayoutConstraint+MASDebugAdditions.m */ = {isa = PBXFileReference; fileEncoding = 4; lastKnownFileType = sourcecode.c.objc; path = "NSLayoutConstraint+MASDebugAdditions.m"; sourceTree = "<group>"; };
		4F2076561CC76F3700C12949 /* View+MASAdditions.h */ = {isa = PBXFileReference; fileEncoding = 4; lastKnownFileType = sourcecode.c.h; path = "View+MASAdditions.h"; sourceTree = "<group>"; };
		4F2076571CC76F3700C12949 /* View+MASAdditions.m */ = {isa = PBXFileReference; fileEncoding = 4; lastKnownFileType = sourcecode.c.objc; path = "View+MASAdditions.m"; sourceTree = "<group>"; };
		4F2076581CC76F3700C12949 /* View+MASShorthandAdditions.h */ = {isa = PBXFileReference; fileEncoding = 4; lastKnownFileType = sourcecode.c.h; path = "View+MASShorthandAdditions.h"; sourceTree = "<group>"; };
		4F2076591CC76F3700C12949 /* ViewController+MASAdditions.h */ = {isa = PBXFileReference; fileEncoding = 4; lastKnownFileType = sourcecode.c.h; path = "ViewController+MASAdditions.h"; sourceTree = "<group>"; };
		4F20765A1CC76F3700C12949 /* ViewController+MASAdditions.m */ = {isa = PBXFileReference; fileEncoding = 4; lastKnownFileType = sourcecode.c.objc; path = "ViewController+MASAdditions.m"; sourceTree = "<group>"; };
		4F20765B1CC76F3700C12949 /* README.md */ = {isa = PBXFileReference; fileEncoding = 4; lastKnownFileType = net.daringfireball.markdown; path = README.md; sourceTree = "<group>"; };
		4F2076681CC7700100C12949 /* CZCountDownView.h */ = {isa = PBXFileReference; fileEncoding = 4; lastKnownFileType = sourcecode.c.h; name = CZCountDownView.h; path = ../Lib/Masonry/CZCountDownView.h; sourceTree = "<group>"; };
		4F2076691CC7700100C12949 /* CZCountDownView.m */ = {isa = PBXFileReference; fileEncoding = 4; lastKnownFileType = sourcecode.c.objc; name = CZCountDownView.m; path = ../Lib/Masonry/CZCountDownView.m; sourceTree = "<group>"; };
		4F2076B21CC781F100C12949 /* CollectionViewCell.h */ = {isa = PBXFileReference; fileEncoding = 4; lastKnownFileType = sourcecode.c.h; path = CollectionViewCell.h; sourceTree = "<group>"; };
		4F2076B31CC781F100C12949 /* CollectionViewCell.m */ = {isa = PBXFileReference; fileEncoding = 4; lastKnownFileType = sourcecode.c.objc; path = CollectionViewCell.m; sourceTree = "<group>"; };
		4F2076B41CC781F100C12949 /* CollectionViewCell.xib */ = {isa = PBXFileReference; fileEncoding = 4; lastKnownFileType = file.xib; path = CollectionViewCell.xib; sourceTree = "<group>"; };
		4F2076B91CC8673E00C12949 /* TAAbstractDotView.h */ = {isa = PBXFileReference; fileEncoding = 4; lastKnownFileType = sourcecode.c.h; path = TAAbstractDotView.h; sourceTree = "<group>"; };
		4F2076BA1CC8673E00C12949 /* TAAbstractDotView.m */ = {isa = PBXFileReference; fileEncoding = 4; lastKnownFileType = sourcecode.c.objc; path = TAAbstractDotView.m; sourceTree = "<group>"; };
		4F2076BB1CC8673E00C12949 /* TAAnimatedDotView.h */ = {isa = PBXFileReference; fileEncoding = 4; lastKnownFileType = sourcecode.c.h; path = TAAnimatedDotView.h; sourceTree = "<group>"; };
		4F2076BC1CC8673E00C12949 /* TAAnimatedDotView.m */ = {isa = PBXFileReference; fileEncoding = 4; lastKnownFileType = sourcecode.c.objc; path = TAAnimatedDotView.m; sourceTree = "<group>"; };
		4F2076BD1CC8673E00C12949 /* TADotView.h */ = {isa = PBXFileReference; fileEncoding = 4; lastKnownFileType = sourcecode.c.h; path = TADotView.h; sourceTree = "<group>"; };
		4F2076BE1CC8673E00C12949 /* TADotView.m */ = {isa = PBXFileReference; fileEncoding = 4; lastKnownFileType = sourcecode.c.objc; path = TADotView.m; sourceTree = "<group>"; };
		4F2076BF1CC8673E00C12949 /* TAPageControl.h */ = {isa = PBXFileReference; fileEncoding = 4; lastKnownFileType = sourcecode.c.h; path = TAPageControl.h; sourceTree = "<group>"; };
		4F2076C01CC8673E00C12949 /* TAPageControl.m */ = {isa = PBXFileReference; fileEncoding = 4; lastKnownFileType = sourcecode.c.objc; path = TAPageControl.m; sourceTree = "<group>"; };
		4F2076C11CC8673E00C12949 /* SDCollectionViewCell.h */ = {isa = PBXFileReference; fileEncoding = 4; lastKnownFileType = sourcecode.c.h; path = SDCollectionViewCell.h; sourceTree = "<group>"; };
		4F2076C21CC8673E00C12949 /* SDCollectionViewCell.m */ = {isa = PBXFileReference; fileEncoding = 4; lastKnownFileType = sourcecode.c.objc; path = SDCollectionViewCell.m; sourceTree = "<group>"; };
		4F2076C31CC8673E00C12949 /* SDCycleScrollView.h */ = {isa = PBXFileReference; fileEncoding = 4; lastKnownFileType = sourcecode.c.h; path = SDCycleScrollView.h; sourceTree = "<group>"; };
		4F2076C41CC8673E00C12949 /* SDCycleScrollView.m */ = {isa = PBXFileReference; fileEncoding = 4; lastKnownFileType = sourcecode.c.objc; path = SDCycleScrollView.m; sourceTree = "<group>"; };
		4F2076C51CC8673E00C12949 /* UIView+SDExtension.h */ = {isa = PBXFileReference; fileEncoding = 4; lastKnownFileType = sourcecode.c.h; path = "UIView+SDExtension.h"; sourceTree = "<group>"; };
		4F2076C61CC8673E00C12949 /* UIView+SDExtension.m */ = {isa = PBXFileReference; fileEncoding = 4; lastKnownFileType = sourcecode.c.objc; path = "UIView+SDExtension.m"; sourceTree = "<group>"; };
		4F2076CF1CC868CA00C12949 /* LICENSE */ = {isa = PBXFileReference; fileEncoding = 4; lastKnownFileType = text; path = LICENSE; sourceTree = "<group>"; };
		4F2076D01CC868CA00C12949 /* README.md */ = {isa = PBXFileReference; fileEncoding = 4; lastKnownFileType = net.daringfireball.markdown; path = README.md; sourceTree = "<group>"; };
		4F2076D21CC868CA00C12949 /* NSData+ImageContentType.h */ = {isa = PBXFileReference; fileEncoding = 4; lastKnownFileType = sourcecode.c.h; path = "NSData+ImageContentType.h"; sourceTree = "<group>"; };
		4F2076D31CC868CA00C12949 /* NSData+ImageContentType.m */ = {isa = PBXFileReference; fileEncoding = 4; lastKnownFileType = sourcecode.c.objc; path = "NSData+ImageContentType.m"; sourceTree = "<group>"; };
		4F2076D41CC868CA00C12949 /* SDImageCache.h */ = {isa = PBXFileReference; fileEncoding = 4; lastKnownFileType = sourcecode.c.h; path = SDImageCache.h; sourceTree = "<group>"; };
		4F2076D51CC868CA00C12949 /* SDImageCache.m */ = {isa = PBXFileReference; fileEncoding = 4; lastKnownFileType = sourcecode.c.objc; path = SDImageCache.m; sourceTree = "<group>"; };
		4F2076D61CC868CA00C12949 /* SDWebImageCompat.h */ = {isa = PBXFileReference; fileEncoding = 4; lastKnownFileType = sourcecode.c.h; path = SDWebImageCompat.h; sourceTree = "<group>"; };
		4F2076D71CC868CA00C12949 /* SDWebImageCompat.m */ = {isa = PBXFileReference; fileEncoding = 4; lastKnownFileType = sourcecode.c.objc; path = SDWebImageCompat.m; sourceTree = "<group>"; };
		4F2076D81CC868CA00C12949 /* SDWebImageDecoder.h */ = {isa = PBXFileReference; fileEncoding = 4; lastKnownFileType = sourcecode.c.h; path = SDWebImageDecoder.h; sourceTree = "<group>"; };
		4F2076D91CC868CA00C12949 /* SDWebImageDecoder.m */ = {isa = PBXFileReference; fileEncoding = 4; lastKnownFileType = sourcecode.c.objc; path = SDWebImageDecoder.m; sourceTree = "<group>"; };
		4F2076DA1CC868CA00C12949 /* SDWebImageDownloader.h */ = {isa = PBXFileReference; fileEncoding = 4; lastKnownFileType = sourcecode.c.h; path = SDWebImageDownloader.h; sourceTree = "<group>"; };
		4F2076DB1CC868CA00C12949 /* SDWebImageDownloader.m */ = {isa = PBXFileReference; fileEncoding = 4; lastKnownFileType = sourcecode.c.objc; path = SDWebImageDownloader.m; sourceTree = "<group>"; };
		4F2076DC1CC868CA00C12949 /* SDWebImageDownloaderOperation.h */ = {isa = PBXFileReference; fileEncoding = 4; lastKnownFileType = sourcecode.c.h; path = SDWebImageDownloaderOperation.h; sourceTree = "<group>"; };
		4F2076DD1CC868CA00C12949 /* SDWebImageDownloaderOperation.m */ = {isa = PBXFileReference; fileEncoding = 4; lastKnownFileType = sourcecode.c.objc; path = SDWebImageDownloaderOperation.m; sourceTree = "<group>"; };
		4F2076DE1CC868CA00C12949 /* SDWebImageManager.h */ = {isa = PBXFileReference; fileEncoding = 4; lastKnownFileType = sourcecode.c.h; path = SDWebImageManager.h; sourceTree = "<group>"; };
		4F2076DF1CC868CA00C12949 /* SDWebImageManager.m */ = {isa = PBXFileReference; fileEncoding = 4; lastKnownFileType = sourcecode.c.objc; path = SDWebImageManager.m; sourceTree = "<group>"; };
		4F2076E01CC868CA00C12949 /* SDWebImageOperation.h */ = {isa = PBXFileReference; fileEncoding = 4; lastKnownFileType = sourcecode.c.h; path = SDWebImageOperation.h; sourceTree = "<group>"; };
		4F2076E11CC868CA00C12949 /* SDWebImagePrefetcher.h */ = {isa = PBXFileReference; fileEncoding = 4; lastKnownFileType = sourcecode.c.h; path = SDWebImagePrefetcher.h; sourceTree = "<group>"; };
		4F2076E21CC868CA00C12949 /* SDWebImagePrefetcher.m */ = {isa = PBXFileReference; fileEncoding = 4; lastKnownFileType = sourcecode.c.objc; path = SDWebImagePrefetcher.m; sourceTree = "<group>"; };
		4F2076E31CC868CA00C12949 /* UIButton+WebCache.h */ = {isa = PBXFileReference; fileEncoding = 4; lastKnownFileType = sourcecode.c.h; path = "UIButton+WebCache.h"; sourceTree = "<group>"; };
		4F2076E41CC868CA00C12949 /* UIButton+WebCache.m */ = {isa = PBXFileReference; fileEncoding = 4; lastKnownFileType = sourcecode.c.objc; path = "UIButton+WebCache.m"; sourceTree = "<group>"; };
		4F2076E51CC868CA00C12949 /* UIImage+GIF.h */ = {isa = PBXFileReference; fileEncoding = 4; lastKnownFileType = sourcecode.c.h; path = "UIImage+GIF.h"; sourceTree = "<group>"; };
		4F2076E61CC868CA00C12949 /* UIImage+GIF.m */ = {isa = PBXFileReference; fileEncoding = 4; lastKnownFileType = sourcecode.c.objc; path = "UIImage+GIF.m"; sourceTree = "<group>"; };
		4F2076E71CC868CA00C12949 /* UIImage+MultiFormat.h */ = {isa = PBXFileReference; fileEncoding = 4; lastKnownFileType = sourcecode.c.h; path = "UIImage+MultiFormat.h"; sourceTree = "<group>"; };
		4F2076E81CC868CA00C12949 /* UIImage+MultiFormat.m */ = {isa = PBXFileReference; fileEncoding = 4; lastKnownFileType = sourcecode.c.objc; path = "UIImage+MultiFormat.m"; sourceTree = "<group>"; };
		4F2076E91CC868CA00C12949 /* UIImageView+HighlightedWebCache.h */ = {isa = PBXFileReference; fileEncoding = 4; lastKnownFileType = sourcecode.c.h; path = "UIImageView+HighlightedWebCache.h"; sourceTree = "<group>"; };
		4F2076EA1CC868CA00C12949 /* UIImageView+HighlightedWebCache.m */ = {isa = PBXFileReference; fileEncoding = 4; lastKnownFileType = sourcecode.c.objc; path = "UIImageView+HighlightedWebCache.m"; sourceTree = "<group>"; };
		4F2076EB1CC868CA00C12949 /* UIImageView+WebCache.h */ = {isa = PBXFileReference; fileEncoding = 4; lastKnownFileType = sourcecode.c.h; path = "UIImageView+WebCache.h"; sourceTree = "<group>"; };
		4F2076EC1CC868CA00C12949 /* UIImageView+WebCache.m */ = {isa = PBXFileReference; fileEncoding = 4; lastKnownFileType = sourcecode.c.objc; path = "UIImageView+WebCache.m"; sourceTree = "<group>"; };
		4F2076ED1CC868CA00C12949 /* UIView+WebCacheOperation.h */ = {isa = PBXFileReference; fileEncoding = 4; lastKnownFileType = sourcecode.c.h; path = "UIView+WebCacheOperation.h"; sourceTree = "<group>"; };
		4F2076EE1CC868CA00C12949 /* UIView+WebCacheOperation.m */ = {isa = PBXFileReference; fileEncoding = 4; lastKnownFileType = sourcecode.c.objc; path = "UIView+WebCacheOperation.m"; sourceTree = "<group>"; };
		4F20776D1CC8781700C12949 /* TableViewCell2-MylinerLayout.h */ = {isa = PBXFileReference; fileEncoding = 4; lastKnownFileType = sourcecode.c.h; path = "TableViewCell2-MylinerLayout.h"; sourceTree = "<group>"; };
		4F20776E1CC8781700C12949 /* TableViewCell2-MylinerLayout.m */ = {isa = PBXFileReference; fileEncoding = 4; lastKnownFileType = sourcecode.c.objc; path = "TableViewCell2-MylinerLayout.m"; sourceTree = "<group>"; };
		4F2077701CC8789D00C12949 /* MyBaseLayout.h */ = {isa = PBXFileReference; fileEncoding = 4; lastKnownFileType = sourcecode.c.h; path = MyBaseLayout.h; sourceTree = "<group>"; };
		4F2077711CC8789D00C12949 /* MyBaseLayout.m */ = {isa = PBXFileReference; fileEncoding = 4; lastKnownFileType = sourcecode.c.objc; path = MyBaseLayout.m; sourceTree = "<group>"; };
		4F2077721CC8789D00C12949 /* MyDimeScale.h */ = {isa = PBXFileReference; fileEncoding = 4; lastKnownFileType = sourcecode.c.h; path = MyDimeScale.h; sourceTree = "<group>"; };
		4F2077731CC8789D00C12949 /* MyDimeScale.m */ = {isa = PBXFileReference; fileEncoding = 4; lastKnownFileType = sourcecode.c.objc; path = MyDimeScale.m; sourceTree = "<group>"; };
		4F2077741CC8789D00C12949 /* MyFloatLayout.h */ = {isa = PBXFileReference; fileEncoding = 4; lastKnownFileType = sourcecode.c.h; path = MyFloatLayout.h; sourceTree = "<group>"; };
		4F2077751CC8789D00C12949 /* MyFloatLayout.m */ = {isa = PBXFileReference; fileEncoding = 4; lastKnownFileType = sourcecode.c.objc; path = MyFloatLayout.m; sourceTree = "<group>"; };
		4F2077761CC8789D00C12949 /* MyFlowLayout.h */ = {isa = PBXFileReference; fileEncoding = 4; lastKnownFileType = sourcecode.c.h; path = MyFlowLayout.h; sourceTree = "<group>"; };
		4F2077771CC8789D00C12949 /* MyFlowLayout.m */ = {isa = PBXFileReference; fileEncoding = 4; lastKnownFileType = sourcecode.c.objc; path = MyFlowLayout.m; sourceTree = "<group>"; };
		4F2077781CC8789D00C12949 /* MyFrameLayout.h */ = {isa = PBXFileReference; fileEncoding = 4; lastKnownFileType = sourcecode.c.h; path = MyFrameLayout.h; sourceTree = "<group>"; };
		4F2077791CC8789D00C12949 /* MyFrameLayout.m */ = {isa = PBXFileReference; fileEncoding = 4; lastKnownFileType = sourcecode.c.objc; path = MyFrameLayout.m; sourceTree = "<group>"; };
		4F20777A1CC8789D00C12949 /* MyLayout.h */ = {isa = PBXFileReference; fileEncoding = 4; lastKnownFileType = sourcecode.c.h; path = MyLayout.h; sourceTree = "<group>"; };
		4F20777B1CC8789D00C12949 /* MyLayoutDef.h */ = {isa = PBXFileReference; fileEncoding = 4; lastKnownFileType = sourcecode.c.h; path = MyLayoutDef.h; sourceTree = "<group>"; };
		4F20777C1CC8789D00C12949 /* MyLayoutDime.h */ = {isa = PBXFileReference; fileEncoding = 4; lastKnownFileType = sourcecode.c.h; path = MyLayoutDime.h; sourceTree = "<group>"; };
		4F20777D1CC8789D00C12949 /* MyLayoutDime.m */ = {isa = PBXFileReference; fileEncoding = 4; lastKnownFileType = sourcecode.c.objc; path = MyLayoutDime.m; sourceTree = "<group>"; };
		4F20777E1CC8789D00C12949 /* MyLayoutDimeInner.h */ = {isa = PBXFileReference; fileEncoding = 4; lastKnownFileType = sourcecode.c.h; path = MyLayoutDimeInner.h; sourceTree = "<group>"; };
		4F20777F1CC8789D00C12949 /* MyLayoutInner.h */ = {isa = PBXFileReference; fileEncoding = 4; lastKnownFileType = sourcecode.c.h; path = MyLayoutInner.h; sourceTree = "<group>"; };
		4F2077801CC8789D00C12949 /* MyLayoutMeasure.h */ = {isa = PBXFileReference; fileEncoding = 4; lastKnownFileType = sourcecode.c.h; path = MyLayoutMeasure.h; sourceTree = "<group>"; };
		4F2077811CC8789D00C12949 /* MyLayoutMeasure.m */ = {isa = PBXFileReference; fileEncoding = 4; lastKnownFileType = sourcecode.c.objc; path = MyLayoutMeasure.m; sourceTree = "<group>"; };
		4F2077821CC8789D00C12949 /* MyLayoutPos.h */ = {isa = PBXFileReference; fileEncoding = 4; lastKnownFileType = sourcecode.c.h; path = MyLayoutPos.h; sourceTree = "<group>"; };
		4F2077831CC8789D00C12949 /* MyLayoutPos.m */ = {isa = PBXFileReference; fileEncoding = 4; lastKnownFileType = sourcecode.c.objc; path = MyLayoutPos.m; sourceTree = "<group>"; };
		4F2077841CC8789D00C12949 /* MyLayoutPosInner.h */ = {isa = PBXFileReference; fileEncoding = 4; lastKnownFileType = sourcecode.c.h; path = MyLayoutPosInner.h; sourceTree = "<group>"; };
		4F2077851CC8789D00C12949 /* MyLayoutSizeClass.h */ = {isa = PBXFileReference; fileEncoding = 4; lastKnownFileType = sourcecode.c.h; path = MyLayoutSizeClass.h; sourceTree = "<group>"; };
		4F2077861CC8789D00C12949 /* MyLayoutSizeClass.m */ = {isa = PBXFileReference; fileEncoding = 4; lastKnownFileType = sourcecode.c.objc; path = MyLayoutSizeClass.m; sourceTree = "<group>"; };
		4F2077871CC8789D00C12949 /* MyLinearLayout.h */ = {isa = PBXFileReference; fileEncoding = 4; lastKnownFileType = sourcecode.c.h; path = MyLinearLayout.h; sourceTree = "<group>"; };
		4F2077881CC8789D00C12949 /* MyLinearLayout.m */ = {isa = PBXFileReference; fileEncoding = 4; lastKnownFileType = sourcecode.c.objc; path = MyLinearLayout.m; sourceTree = "<group>"; };
		4F2077891CC8789D00C12949 /* MyMaker.h */ = {isa = PBXFileReference; fileEncoding = 4; lastKnownFileType = sourcecode.c.h; path = MyMaker.h; sourceTree = "<group>"; };
		4F20778A1CC8789D00C12949 /* MyMaker.m */ = {isa = PBXFileReference; fileEncoding = 4; lastKnownFileType = sourcecode.c.objc; path = MyMaker.m; sourceTree = "<group>"; };
		4F20778B1CC8789D00C12949 /* MyRelativeLayout.h */ = {isa = PBXFileReference; fileEncoding = 4; lastKnownFileType = sourcecode.c.h; path = MyRelativeLayout.h; sourceTree = "<group>"; };
		4F20778C1CC8789D00C12949 /* MyRelativeLayout.m */ = {isa = PBXFileReference; fileEncoding = 4; lastKnownFileType = sourcecode.c.objc; path = MyRelativeLayout.m; sourceTree = "<group>"; };
		4F20778D1CC8789D00C12949 /* MyTableLayout.h */ = {isa = PBXFileReference; fileEncoding = 4; lastKnownFileType = sourcecode.c.h; path = MyTableLayout.h; sourceTree = "<group>"; };
		4F20778E1CC8789D00C12949 /* MyTableLayout.m */ = {isa = PBXFileReference; fileEncoding = 4; lastKnownFileType = sourcecode.c.objc; path = MyTableLayout.m; sourceTree = "<group>"; };
		4F20779D1CC89E0E00C12949 /* TableViewCell3-hot.h */ = {isa = PBXFileReference; fileEncoding = 4; lastKnownFileType = sourcecode.c.h; path = "TableViewCell3-hot.h"; sourceTree = "<group>"; };
		4F20779E1CC89E0E00C12949 /* TableViewCell3-hot.m */ = {isa = PBXFileReference; fileEncoding = 4; lastKnownFileType = sourcecode.c.objc; path = "TableViewCell3-hot.m"; sourceTree = "<group>"; };
		4F64689B1CC7558800D94FA7 /* testcell.app */ = {isa = PBXFileReference; explicitFileType = wrapper.application; includeInIndex = 0; path = testcell.app; sourceTree = BUILT_PRODUCTS_DIR; };
		4F64689F1CC7558800D94FA7 /* main.m */ = {isa = PBXFileReference; lastKnownFileType = sourcecode.c.objc; path = main.m; sourceTree = "<group>"; };
		4F6468A11CC7558800D94FA7 /* AppDelegate.h */ = {isa = PBXFileReference; lastKnownFileType = sourcecode.c.h; path = AppDelegate.h; sourceTree = "<group>"; };
		4F6468A21CC7558800D94FA7 /* AppDelegate.m */ = {isa = PBXFileReference; lastKnownFileType = sourcecode.c.objc; path = AppDelegate.m; sourceTree = "<group>"; };
		4F6468A41CC7558800D94FA7 /* ViewController.h */ = {isa = PBXFileReference; lastKnownFileType = sourcecode.c.h; path = ViewController.h; sourceTree = "<group>"; };
		4F6468A51CC7558800D94FA7 /* ViewController.m */ = {isa = PBXFileReference; lastKnownFileType = sourcecode.c.objc; path = ViewController.m; sourceTree = "<group>"; };
		4F6468A81CC7558800D94FA7 /* Base */ = {isa = PBXFileReference; lastKnownFileType = file.storyboard; name = Base; path = Base.lproj/Main.storyboard; sourceTree = "<group>"; };
		4F6468AA1CC7558800D94FA7 /* Assets.xcassets */ = {isa = PBXFileReference; lastKnownFileType = folder.assetcatalog; path = Assets.xcassets; sourceTree = "<group>"; };
		4F6468AD1CC7558800D94FA7 /* Base */ = {isa = PBXFileReference; lastKnownFileType = file.storyboard; name = Base; path = Base.lproj/LaunchScreen.storyboard; sourceTree = "<group>"; };
		4F6468AF1CC7558800D94FA7 /* Info.plist */ = {isa = PBXFileReference; lastKnownFileType = text.plist.xml; path = Info.plist; sourceTree = "<group>"; };
		4F6468B41CC7558800D94FA7 /* testcellTests.xctest */ = {isa = PBXFileReference; explicitFileType = wrapper.cfbundle; includeInIndex = 0; path = testcellTests.xctest; sourceTree = BUILT_PRODUCTS_DIR; };
		4F6468B81CC7558800D94FA7 /* testcellTests.m */ = {isa = PBXFileReference; lastKnownFileType = sourcecode.c.objc; path = testcellTests.m; sourceTree = "<group>"; };
		4F6468BA1CC7558800D94FA7 /* Info.plist */ = {isa = PBXFileReference; lastKnownFileType = text.plist.xml; path = Info.plist; sourceTree = "<group>"; };
		4F6468BF1CC7558800D94FA7 /* testcellUITests.xctest */ = {isa = PBXFileReference; explicitFileType = wrapper.cfbundle; includeInIndex = 0; path = testcellUITests.xctest; sourceTree = BUILT_PRODUCTS_DIR; };
		4F6468C31CC7558800D94FA7 /* testcellUITests.m */ = {isa = PBXFileReference; lastKnownFileType = sourcecode.c.objc; path = testcellUITests.m; sourceTree = "<group>"; };
		4F6468C51CC7558800D94FA7 /* Info.plist */ = {isa = PBXFileReference; lastKnownFileType = text.plist.xml; path = Info.plist; sourceTree = "<group>"; };
		4F6468D11CC7568D00D94FA7 /* TableViewCell.h */ = {isa = PBXFileReference; fileEncoding = 4; lastKnownFileType = sourcecode.c.h; path = TableViewCell.h; sourceTree = "<group>"; };
		4F6468D21CC7568D00D94FA7 /* TableViewCell.m */ = {isa = PBXFileReference; fileEncoding = 4; lastKnownFileType = sourcecode.c.objc; path = TableViewCell.m; sourceTree = "<group>"; };
		4F6469A41CC75CB900D94FA7 /* Images.xcassets */ = {isa = PBXFileReference; lastKnownFileType = folder.assetcatalog; path = Images.xcassets; sourceTree = "<group>"; };
		4FBE6B461CC9BAE300A47166 /* AFHTTPSessionManager.h */ = {isa = PBXFileReference; fileEncoding = 4; lastKnownFileType = sourcecode.c.h; path = AFHTTPSessionManager.h; sourceTree = "<group>"; };
		4FBE6B471CC9BAE300A47166 /* AFHTTPSessionManager.m */ = {isa = PBXFileReference; fileEncoding = 4; lastKnownFileType = sourcecode.c.objc; path = AFHTTPSessionManager.m; sourceTree = "<group>"; };
		4FBE6B481CC9BAE300A47166 /* AFNetworking.h */ = {isa = PBXFileReference; fileEncoding = 4; lastKnownFileType = sourcecode.c.h; path = AFNetworking.h; sourceTree = "<group>"; };
		4FBE6B491CC9BAE300A47166 /* AFNetworkReachabilityManager.h */ = {isa = PBXFileReference; fileEncoding = 4; lastKnownFileType = sourcecode.c.h; path = AFNetworkReachabilityManager.h; sourceTree = "<group>"; };
		4FBE6B4A1CC9BAE300A47166 /* AFNetworkReachabilityManager.m */ = {isa = PBXFileReference; fileEncoding = 4; lastKnownFileType = sourcecode.c.objc; path = AFNetworkReachabilityManager.m; sourceTree = "<group>"; };
		4FBE6B4B1CC9BAE300A47166 /* AFSecurityPolicy.h */ = {isa = PBXFileReference; fileEncoding = 4; lastKnownFileType = sourcecode.c.h; path = AFSecurityPolicy.h; sourceTree = "<group>"; };
		4FBE6B4C1CC9BAE300A47166 /* AFSecurityPolicy.m */ = {isa = PBXFileReference; fileEncoding = 4; lastKnownFileType = sourcecode.c.objc; path = AFSecurityPolicy.m; sourceTree = "<group>"; };
		4FBE6B4D1CC9BAE300A47166 /* AFURLRequestSerialization.h */ = {isa = PBXFileReference; fileEncoding = 4; lastKnownFileType = sourcecode.c.h; path = AFURLRequestSerialization.h; sourceTree = "<group>"; };
		4FBE6B4E1CC9BAE300A47166 /* AFURLRequestSerialization.m */ = {isa = PBXFileReference; fileEncoding = 4; lastKnownFileType = sourcecode.c.objc; path = AFURLRequestSerialization.m; sourceTree = "<group>"; };
		4FBE6B4F1CC9BAE300A47166 /* AFURLResponseSerialization.h */ = {isa = PBXFileReference; fileEncoding = 4; lastKnownFileType = sourcecode.c.h; path = AFURLResponseSerialization.h; sourceTree = "<group>"; };
		4FBE6B501CC9BAE300A47166 /* AFURLResponseSerialization.m */ = {isa = PBXFileReference; fileEncoding = 4; lastKnownFileType = sourcecode.c.objc; path = AFURLResponseSerialization.m; sourceTree = "<group>"; };
		4FBE6B511CC9BAE300A47166 /* AFURLSessionManager.h */ = {isa = PBXFileReference; fileEncoding = 4; lastKnownFileType = sourcecode.c.h; path = AFURLSessionManager.h; sourceTree = "<group>"; };
		4FBE6B521CC9BAE300A47166 /* AFURLSessionManager.m */ = {isa = PBXFileReference; fileEncoding = 4; lastKnownFileType = sourcecode.c.objc; path = AFURLSessionManager.m; sourceTree = "<group>"; };
		4FBE6B591CC9BB1B00A47166 /* HttpTool.h */ = {isa = PBXFileReference; fileEncoding = 4; lastKnownFileType = sourcecode.c.h; name = HttpTool.h; path = ../HttpTool.h; sourceTree = "<group>"; };
		4FBE6B5A1CC9BB1B00A47166 /* HttpTool.m */ = {isa = PBXFileReference; fileEncoding = 4; lastKnownFileType = sourcecode.c.objc; name = HttpTool.m; path = ../HttpTool.m; sourceTree = "<group>"; };
		4FBE6B6E1CC9C4B000A47166 /* JSONModel.h */ = {isa = PBXFileReference; fileEncoding = 4; lastKnownFileType = sourcecode.c.h; path = JSONModel.h; sourceTree = "<group>"; };
		4FBE6B6F1CC9C4B000A47166 /* JSONModel.m */ = {isa = PBXFileReference; fileEncoding = 4; lastKnownFileType = sourcecode.c.objc; path = JSONModel.m; sourceTree = "<group>"; };
		4FBE6B701CC9C4B000A47166 /* JSONModelArray.h */ = {isa = PBXFileReference; fileEncoding = 4; lastKnownFileType = sourcecode.c.h; path = JSONModelArray.h; sourceTree = "<group>"; };
		4FBE6B711CC9C4B000A47166 /* JSONModelArray.m */ = {isa = PBXFileReference; fileEncoding = 4; lastKnownFileType = sourcecode.c.objc; path = JSONModelArray.m; sourceTree = "<group>"; };
		4FBE6B721CC9C4B000A47166 /* JSONModelClassProperty.h */ = {isa = PBXFileReference; fileEncoding = 4; lastKnownFileType = sourcecode.c.h; path = JSONModelClassProperty.h; sourceTree = "<group>"; };
		4FBE6B731CC9C4B000A47166 /* JSONModelClassProperty.m */ = {isa = PBXFileReference; fileEncoding = 4; lastKnownFileType = sourcecode.c.objc; path = JSONModelClassProperty.m; sourceTree = "<group>"; };
		4FBE6B741CC9C4B000A47166 /* JSONModelError.h */ = {isa = PBXFileReference; fileEncoding = 4; lastKnownFileType = sourcecode.c.h; path = JSONModelError.h; sourceTree = "<group>"; };
		4FBE6B751CC9C4B000A47166 /* JSONModelError.m */ = {isa = PBXFileReference; fileEncoding = 4; lastKnownFileType = sourcecode.c.objc; path = JSONModelError.m; sourceTree = "<group>"; };
		4FBE6B771CC9C4B000A47166 /* NSArray+JSONModel.h */ = {isa = PBXFileReference; fileEncoding = 4; lastKnownFileType = sourcecode.c.h; path = "NSArray+JSONModel.h"; sourceTree = "<group>"; };
		4FBE6B781CC9C4B000A47166 /* NSArray+JSONModel.m */ = {isa = PBXFileReference; fileEncoding = 4; lastKnownFileType = sourcecode.c.objc; path = "NSArray+JSONModel.m"; sourceTree = "<group>"; };
		4FBE6B791CC9C4B000A47166 /* JSONModelLib.h */ = {isa = PBXFileReference; fileEncoding = 4; lastKnownFileType = sourcecode.c.h; path = JSONModelLib.h; sourceTree = "<group>"; };
		4FBE6B7B1CC9C4B000A47166 /* JSONAPI.h */ = {isa = PBXFileReference; fileEncoding = 4; lastKnownFileType = sourcecode.c.h; path = JSONAPI.h; sourceTree = "<group>"; };
		4FBE6B7C1CC9C4B000A47166 /* JSONAPI.m */ = {isa = PBXFileReference; fileEncoding = 4; lastKnownFileType = sourcecode.c.objc; path = JSONAPI.m; sourceTree = "<group>"; };
		4FBE6B7D1CC9C4B000A47166 /* JSONHTTPClient.h */ = {isa = PBXFileReference; fileEncoding = 4; lastKnownFileType = sourcecode.c.h; path = JSONHTTPClient.h; sourceTree = "<group>"; };
		4FBE6B7E1CC9C4B000A47166 /* JSONHTTPClient.m */ = {isa = PBXFileReference; fileEncoding = 4; lastKnownFileType = sourcecode.c.objc; path = JSONHTTPClient.m; sourceTree = "<group>"; };
		4FBE6B7F1CC9C4B000A47166 /* JSONModel+networking.h */ = {isa = PBXFileReference; fileEncoding = 4; lastKnownFileType = sourcecode.c.h; path = "JSONModel+networking.h"; sourceTree = "<group>"; };
		4FBE6B801CC9C4B000A47166 /* JSONModel+networking.m */ = {isa = PBXFileReference; fileEncoding = 4; lastKnownFileType = sourcecode.c.objc; path = "JSONModel+networking.m"; sourceTree = "<group>"; };
		4FBE6B821CC9C4B000A47166 /* JSONKeyMapper.h */ = {isa = PBXFileReference; fileEncoding = 4; lastKnownFileType = sourcecode.c.h; path = JSONKeyMapper.h; sourceTree = "<group>"; };
		4FBE6B831CC9C4B000A47166 /* JSONKeyMapper.m */ = {isa = PBXFileReference; fileEncoding = 4; lastKnownFileType = sourcecode.c.objc; path = JSONKeyMapper.m; sourceTree = "<group>"; };
		4FBE6B841CC9C4B000A47166 /* JSONValueTransformer.h */ = {isa = PBXFileReference; fileEncoding = 4; lastKnownFileType = sourcecode.c.h; path = JSONValueTransformer.h; sourceTree = "<group>"; };
		4FBE6B851CC9C4B000A47166 /* JSONValueTransformer.m */ = {isa = PBXFileReference; fileEncoding = 4; lastKnownFileType = sourcecode.c.objc; path = JSONValueTransformer.m; sourceTree = "<group>"; };
/* End PBXFileReference section */

/* Begin PBXFrameworksBuildPhase section */
		4F6468981CC7558800D94FA7 /* Frameworks */ = {
			isa = PBXFrameworksBuildPhase;
			buildActionMask = 2147483647;
			files = (
			);
			runOnlyForDeploymentPostprocessing = 0;
		};
		4F6468B11CC7558800D94FA7 /* Frameworks */ = {
			isa = PBXFrameworksBuildPhase;
			buildActionMask = 2147483647;
			files = (
			);
			runOnlyForDeploymentPostprocessing = 0;
		};
		4F6468BC1CC7558800D94FA7 /* Frameworks */ = {
			isa = PBXFrameworksBuildPhase;
			buildActionMask = 2147483647;
			files = (
			);
			runOnlyForDeploymentPostprocessing = 0;
		};
/* End PBXFrameworksBuildPhase section */

/* Begin PBXGroup section */
		4F20763F1CC76F3700C12949 /* Masonry */ = {
			isa = PBXGroup;
			children = (
				4F2076401CC76F3700C12949 /* LICENSE */,
				4F2076411CC76F3700C12949 /* Masonry */,
				4F20765B1CC76F3700C12949 /* README.md */,
			);
			name = Masonry;
			path = ../Lib/Masonry;
			sourceTree = "<group>";
		};
		4F2076411CC76F3700C12949 /* Masonry */ = {
			isa = PBXGroup;
			children = (
				4F2076421CC76F3700C12949 /* MASCompositeConstraint.h */,
				4F2076431CC76F3700C12949 /* MASCompositeConstraint.m */,
				4F2076441CC76F3700C12949 /* MASConstraint+Private.h */,
				4F2076451CC76F3700C12949 /* MASConstraint.h */,
				4F2076461CC76F3700C12949 /* MASConstraint.m */,
				4F2076471CC76F3700C12949 /* MASConstraintMaker.h */,
				4F2076481CC76F3700C12949 /* MASConstraintMaker.m */,
				4F2076491CC76F3700C12949 /* MASLayoutConstraint.h */,
				4F20764A1CC76F3700C12949 /* MASLayoutConstraint.m */,
				4F20764B1CC76F3700C12949 /* Masonry.h */,
				4F20764C1CC76F3700C12949 /* MASUtilities.h */,
				4F20764D1CC76F3700C12949 /* MASViewAttribute.h */,
				4F20764E1CC76F3700C12949 /* MASViewAttribute.m */,
				4F20764F1CC76F3700C12949 /* MASViewConstraint.h */,
				4F2076501CC76F3700C12949 /* MASViewConstraint.m */,
				4F2076511CC76F3700C12949 /* NSArray+MASAdditions.h */,
				4F2076521CC76F3700C12949 /* NSArray+MASAdditions.m */,
				4F2076531CC76F3700C12949 /* NSArray+MASShorthandAdditions.h */,
				4F2076541CC76F3700C12949 /* NSLayoutConstraint+MASDebugAdditions.h */,
				4F2076551CC76F3700C12949 /* NSLayoutConstraint+MASDebugAdditions.m */,
				4F2076561CC76F3700C12949 /* View+MASAdditions.h */,
				4F2076571CC76F3700C12949 /* View+MASAdditions.m */,
				4F2076581CC76F3700C12949 /* View+MASShorthandAdditions.h */,
				4F2076591CC76F3700C12949 /* ViewController+MASAdditions.h */,
				4F20765A1CC76F3700C12949 /* ViewController+MASAdditions.m */,
			);
			path = Masonry;
			sourceTree = "<group>";
		};
		4F2076B71CC8673E00C12949 /* SDCycleScrollView */ = {
			isa = PBXGroup;
			children = (
				4F2076B81CC8673E00C12949 /* PageControl */,
				4F2076C11CC8673E00C12949 /* SDCollectionViewCell.h */,
				4F2076C21CC8673E00C12949 /* SDCollectionViewCell.m */,
				4F2076C31CC8673E00C12949 /* SDCycleScrollView.h */,
				4F2076C41CC8673E00C12949 /* SDCycleScrollView.m */,
				4F2076C51CC8673E00C12949 /* UIView+SDExtension.h */,
				4F2076C61CC8673E00C12949 /* UIView+SDExtension.m */,
			);
			name = SDCycleScrollView;
			path = ../SDCycleScrollView;
			sourceTree = "<group>";
		};
		4F2076B81CC8673E00C12949 /* PageControl */ = {
			isa = PBXGroup;
			children = (
				4F2076B91CC8673E00C12949 /* TAAbstractDotView.h */,
				4F2076BA1CC8673E00C12949 /* TAAbstractDotView.m */,
				4F2076BB1CC8673E00C12949 /* TAAnimatedDotView.h */,
				4F2076BC1CC8673E00C12949 /* TAAnimatedDotView.m */,
				4F2076BD1CC8673E00C12949 /* TADotView.h */,
				4F2076BE1CC8673E00C12949 /* TADotView.m */,
				4F2076BF1CC8673E00C12949 /* TAPageControl.h */,
				4F2076C01CC8673E00C12949 /* TAPageControl.m */,
			);
			path = PageControl;
			sourceTree = "<group>";
		};
		4F2076CE1CC868CA00C12949 /* SDWebImage */ = {
			isa = PBXGroup;
			children = (
				4F2076CF1CC868CA00C12949 /* LICENSE */,
				4F2076D01CC868CA00C12949 /* README.md */,
				4F2076D11CC868CA00C12949 /* SDWebImage */,
			);
			name = SDWebImage;
			path = ../SDWebImage;
			sourceTree = "<group>";
		};
		4F2076D11CC868CA00C12949 /* SDWebImage */ = {
			isa = PBXGroup;
			children = (
				4F2076D21CC868CA00C12949 /* NSData+ImageContentType.h */,
				4F2076D31CC868CA00C12949 /* NSData+ImageContentType.m */,
				4F2076D41CC868CA00C12949 /* SDImageCache.h */,
				4F2076D51CC868CA00C12949 /* SDImageCache.m */,
				4F2076D61CC868CA00C12949 /* SDWebImageCompat.h */,
				4F2076D71CC868CA00C12949 /* SDWebImageCompat.m */,
				4F2076D81CC868CA00C12949 /* SDWebImageDecoder.h */,
				4F2076D91CC868CA00C12949 /* SDWebImageDecoder.m */,
				4F2076DA1CC868CA00C12949 /* SDWebImageDownloader.h */,
				4F2076DB1CC868CA00C12949 /* SDWebImageDownloader.m */,
				4F2076DC1CC868CA00C12949 /* SDWebImageDownloaderOperation.h */,
				4F2076DD1CC868CA00C12949 /* SDWebImageDownloaderOperation.m */,
				4F2076DE1CC868CA00C12949 /* SDWebImageManager.h */,
				4F2076DF1CC868CA00C12949 /* SDWebImageManager.m */,
				4F2076E01CC868CA00C12949 /* SDWebImageOperation.h */,
				4F2076E11CC868CA00C12949 /* SDWebImagePrefetcher.h */,
				4F2076E21CC868CA00C12949 /* SDWebImagePrefetcher.m */,
				4F2076E31CC868CA00C12949 /* UIButton+WebCache.h */,
				4F2076E41CC868CA00C12949 /* UIButton+WebCache.m */,
				4F2076E51CC868CA00C12949 /* UIImage+GIF.h */,
				4F2076E61CC868CA00C12949 /* UIImage+GIF.m */,
				4F2076E71CC868CA00C12949 /* UIImage+MultiFormat.h */,
				4F2076E81CC868CA00C12949 /* UIImage+MultiFormat.m */,
				4F2076E91CC868CA00C12949 /* UIImageView+HighlightedWebCache.h */,
				4F2076EA1CC868CA00C12949 /* UIImageView+HighlightedWebCache.m */,
				4F2076EB1CC868CA00C12949 /* UIImageView+WebCache.h */,
				4F2076EC1CC868CA00C12949 /* UIImageView+WebCache.m */,
				4F2076ED1CC868CA00C12949 /* UIView+WebCacheOperation.h */,
				4F2076EE1CC868CA00C12949 /* UIView+WebCacheOperation.m */,
			);
			path = SDWebImage;
			sourceTree = "<group>";
		};
		4F20778F1CC8789D00C12949 /* Lib */ = {
			isa = PBXGroup;
			children = (
				4F2077701CC8789D00C12949 /* MyBaseLayout.h */,
				4F2077711CC8789D00C12949 /* MyBaseLayout.m */,
				4F2077721CC8789D00C12949 /* MyDimeScale.h */,
				4F2077731CC8789D00C12949 /* MyDimeScale.m */,
				4F2077741CC8789D00C12949 /* MyFloatLayout.h */,
				4F2077751CC8789D00C12949 /* MyFloatLayout.m */,
				4F2077761CC8789D00C12949 /* MyFlowLayout.h */,
				4F2077771CC8789D00C12949 /* MyFlowLayout.m */,
				4F2077781CC8789D00C12949 /* MyFrameLayout.h */,
				4F2077791CC8789D00C12949 /* MyFrameLayout.m */,
				4F20777A1CC8789D00C12949 /* MyLayout.h */,
				4F20777B1CC8789D00C12949 /* MyLayoutDef.h */,
				4F20777C1CC8789D00C12949 /* MyLayoutDime.h */,
				4F20777D1CC8789D00C12949 /* MyLayoutDime.m */,
				4F20777E1CC8789D00C12949 /* MyLayoutDimeInner.h */,
				4F20777F1CC8789D00C12949 /* MyLayoutInner.h */,
				4F2077801CC8789D00C12949 /* MyLayoutMeasure.h */,
				4F2077811CC8789D00C12949 /* MyLayoutMeasure.m */,
				4F2077821CC8789D00C12949 /* MyLayoutPos.h */,
				4F2077831CC8789D00C12949 /* MyLayoutPos.m */,
				4F2077841CC8789D00C12949 /* MyLayoutPosInner.h */,
				4F2077851CC8789D00C12949 /* MyLayoutSizeClass.h */,
				4F2077861CC8789D00C12949 /* MyLayoutSizeClass.m */,
				4F2077871CC8789D00C12949 /* MyLinearLayout.h */,
				4F2077881CC8789D00C12949 /* MyLinearLayout.m */,
				4F2077891CC8789D00C12949 /* MyMaker.h */,
				4F20778A1CC8789D00C12949 /* MyMaker.m */,
				4F20778B1CC8789D00C12949 /* MyRelativeLayout.h */,
				4F20778C1CC8789D00C12949 /* MyRelativeLayout.m */,
				4F20778D1CC8789D00C12949 /* MyTableLayout.h */,
				4F20778E1CC8789D00C12949 /* MyTableLayout.m */,
			);
			name = Lib;
			path = "../../图片视图/图片视图/Lib";
			sourceTree = "<group>";
		};
		4F6468921CC7558800D94FA7 = {
			isa = PBXGroup;
			children = (
				4F64689D1CC7558800D94FA7 /* testcell */,
				4F6468B71CC7558800D94FA7 /* testcellTests */,
				4F6468C21CC7558800D94FA7 /* testcellUITests */,
				4F64689C1CC7558800D94FA7 /* Products */,
			);
			sourceTree = "<group>";
		};
		4F64689C1CC7558800D94FA7 /* Products */ = {
			isa = PBXGroup;
			children = (
				4F64689B1CC7558800D94FA7 /* testcell.app */,
				4F6468B41CC7558800D94FA7 /* testcellTests.xctest */,
				4F6468BF1CC7558800D94FA7 /* testcellUITests.xctest */,
			);
			name = Products;
			sourceTree = "<group>";
		};
		4F64689D1CC7558800D94FA7 /* testcell */ = {
			isa = PBXGroup;
			children = (
				4FBE6B901CC9C4D200A47166 /* Lib */,
				4FBE6B5E1CC9C34800A47166 /* controller */,
				4FBE6B5D1CC9C34100A47166 /* view */,
				4FBE6B5C1CC9C33B00A47166 /* model */,
				4FBE6B591CC9BB1B00A47166 /* HttpTool.h */,
				4FBE6B5A1CC9BB1B00A47166 /* HttpTool.m */,
				4F2076681CC7700100C12949 /* CZCountDownView.h */,
				4F2076691CC7700100C12949 /* CZCountDownView.m */,
				4F6468A71CC7558800D94FA7 /* Main.storyboard */,
				4F6468AA1CC7558800D94FA7 /* Assets.xcassets */,
				4F6469A41CC75CB900D94FA7 /* Images.xcassets */,
				4F6468AC1CC7558800D94FA7 /* LaunchScreen.storyboard */,
				4F6468AF1CC7558800D94FA7 /* Info.plist */,
				4F64689E1CC7558800D94FA7 /* Supporting Files */,
			);
			path = testcell;
			sourceTree = "<group>";
		};
		4F64689E1CC7558800D94FA7 /* Supporting Files */ = {
			isa = PBXGroup;
			children = (
				4F64689F1CC7558800D94FA7 /* main.m */,
			);
			name = "Supporting Files";
			sourceTree = "<group>";
		};
		4F6468B71CC7558800D94FA7 /* testcellTests */ = {
			isa = PBXGroup;
			children = (
				4F6468B81CC7558800D94FA7 /* testcellTests.m */,
				4F6468BA1CC7558800D94FA7 /* Info.plist */,
			);
			path = testcellTests;
			sourceTree = "<group>";
		};
		4F6468C21CC7558800D94FA7 /* testcellUITests */ = {
			isa = PBXGroup;
			children = (
				4F6468C31CC7558800D94FA7 /* testcellUITests.m */,
				4F6468C51CC7558800D94FA7 /* Info.plist */,
			);
			path = testcellUITests;
			sourceTree = "<group>";
		};
		4FBE6B451CC9BAE300A47166 /* AFNetworking */ = {
			isa = PBXGroup;
			children = (
				4FBE6B461CC9BAE300A47166 /* AFHTTPSessionManager.h */,
				4FBE6B471CC9BAE300A47166 /* AFHTTPSessionManager.m */,
				4FBE6B481CC9BAE300A47166 /* AFNetworking.h */,
				4FBE6B491CC9BAE300A47166 /* AFNetworkReachabilityManager.h */,
				4FBE6B4A1CC9BAE300A47166 /* AFNetworkReachabilityManager.m */,
				4FBE6B4B1CC9BAE300A47166 /* AFSecurityPolicy.h */,
				4FBE6B4C1CC9BAE300A47166 /* AFSecurityPolicy.m */,
				4FBE6B4D1CC9BAE300A47166 /* AFURLRequestSerialization.h */,
				4FBE6B4E1CC9BAE300A47166 /* AFURLRequestSerialization.m */,
				4FBE6B4F1CC9BAE300A47166 /* AFURLResponseSerialization.h */,
				4FBE6B501CC9BAE300A47166 /* AFURLResponseSerialization.m */,
				4FBE6B511CC9BAE300A47166 /* AFURLSessionManager.h */,
				4FBE6B521CC9BAE300A47166 /* AFURLSessionManager.m */,
			);
			name = AFNetworking;
			path = ../AFNetworking;
			sourceTree = "<group>";
		};
		4FBE6B5C1CC9C33B00A47166 /* model */ = {
			isa = PBXGroup;
			children = (
			);
			name = model;
			sourceTree = "<group>";
		};
		4FBE6B5D1CC9C34100A47166 /* view */ = {
			isa = PBXGroup;
			children = (
				4F20779D1CC89E0E00C12949 /* TableViewCell3-hot.h */,
				4F20779E1CC89E0E00C12949 /* TableViewCell3-hot.m */,
				4F20776D1CC8781700C12949 /* TableViewCell2-MylinerLayout.h */,
				4F20776E1CC8781700C12949 /* TableViewCell2-MylinerLayout.m */,
				4F6468D11CC7568D00D94FA7 /* TableViewCell.h */,
				4F6468D21CC7568D00D94FA7 /* TableViewCell.m */,
				4F2076B21CC781F100C12949 /* CollectionViewCell.h */,
				4F2076B31CC781F100C12949 /* CollectionViewCell.m */,
				4F2076B41CC781F100C12949 /* CollectionViewCell.xib */,
			);
			name = view;
			sourceTree = "<group>";
		};
		4FBE6B5E1CC9C34800A47166 /* controller */ = {
			isa = PBXGroup;
			children = (
				4F6468A11CC7558800D94FA7 /* AppDelegate.h */,
				4F6468A21CC7558800D94FA7 /* AppDelegate.m */,
				4F6468A41CC7558800D94FA7 /* ViewController.h */,
				4F6468A51CC7558800D94FA7 /* ViewController.m */,
			);
			name = controller;
			sourceTree = "<group>";
		};
		4FBE6B6C1CC9C4B000A47166 /* JSONModel */ = {
			isa = PBXGroup;
			children = (
				4FBE6B6D1CC9C4B000A47166 /* JSONModel */,
				4FBE6B761CC9C4B000A47166 /* JSONModelCategories */,
				4FBE6B791CC9C4B000A47166 /* JSONModelLib.h */,
				4FBE6B7A1CC9C4B000A47166 /* JSONModelNetworking */,
				4FBE6B811CC9C4B000A47166 /* JSONModelTransformations */,
			);
			path = JSONModel;
			sourceTree = "<group>";
		};
		4FBE6B6D1CC9C4B000A47166 /* JSONModel */ = {
			isa = PBXGroup;
			children = (
				4FBE6B6E1CC9C4B000A47166 /* JSONModel.h */,
				4FBE6B6F1CC9C4B000A47166 /* JSONModel.m */,
				4FBE6B701CC9C4B000A47166 /* JSONModelArray.h */,
				4FBE6B711CC9C4B000A47166 /* JSONModelArray.m */,
				4FBE6B721CC9C4B000A47166 /* JSONModelClassProperty.h */,
				4FBE6B731CC9C4B000A47166 /* JSONModelClassProperty.m */,
				4FBE6B741CC9C4B000A47166 /* JSONModelError.h */,
				4FBE6B751CC9C4B000A47166 /* JSONModelError.m */,
			);
			path = JSONModel;
			sourceTree = "<group>";
		};
		4FBE6B761CC9C4B000A47166 /* JSONModelCategories */ = {
			isa = PBXGroup;
			children = (
				4FBE6B771CC9C4B000A47166 /* NSArray+JSONModel.h */,
				4FBE6B781CC9C4B000A47166 /* NSArray+JSONModel.m */,
			);
			path = JSONModelCategories;
			sourceTree = "<group>";
		};
		4FBE6B7A1CC9C4B000A47166 /* JSONModelNetworking */ = {
			isa = PBXGroup;
			children = (
				4FBE6B7B1CC9C4B000A47166 /* JSONAPI.h */,
				4FBE6B7C1CC9C4B000A47166 /* JSONAPI.m */,
				4FBE6B7D1CC9C4B000A47166 /* JSONHTTPClient.h */,
				4FBE6B7E1CC9C4B000A47166 /* JSONHTTPClient.m */,
				4FBE6B7F1CC9C4B000A47166 /* JSONModel+networking.h */,
				4FBE6B801CC9C4B000A47166 /* JSONModel+networking.m */,
			);
			path = JSONModelNetworking;
			sourceTree = "<group>";
		};
		4FBE6B811CC9C4B000A47166 /* JSONModelTransformations */ = {
			isa = PBXGroup;
			children = (
				4FBE6B821CC9C4B000A47166 /* JSONKeyMapper.h */,
				4FBE6B831CC9C4B000A47166 /* JSONKeyMapper.m */,
				4FBE6B841CC9C4B000A47166 /* JSONValueTransformer.h */,
				4FBE6B851CC9C4B000A47166 /* JSONValueTransformer.m */,
			);
			path = JSONModelTransformations;
			sourceTree = "<group>";
		};
		4FBE6B901CC9C4D200A47166 /* Lib */ = {
			isa = PBXGroup;
			children = (
				4FBE6B911CC9C4ED00A47166 /* MyLinerLayout */,
				4F2076B71CC8673E00C12949 /* SDCycleScrollView */,
				4F2076CE1CC868CA00C12949 /* SDWebImage */,
				4FBE6B451CC9BAE300A47166 /* AFNetworking */,
				4F20763F1CC76F3700C12949 /* Masonry */,
				4FBE6B6C1CC9C4B000A47166 /* JSONModel */,
			);
			name = Lib;
			sourceTree = "<group>";
		};
		4FBE6B911CC9C4ED00A47166 /* MyLinerLayout */ = {
			isa = PBXGroup;
			children = (
				4F20778F1CC8789D00C12949 /* Lib */,
			);
			name = MyLinerLayout;
			sourceTree = "<group>";
		};
/* End PBXGroup section */

/* Begin PBXNativeTarget section */
		4F64689A1CC7558800D94FA7 /* testcell */ = {
			isa = PBXNativeTarget;
			buildConfigurationList = 4F6468C81CC7558800D94FA7 /* Build configuration list for PBXNativeTarget "testcell" */;
			buildPhases = (
				4F6468971CC7558800D94FA7 /* Sources */,
				4F6468981CC7558800D94FA7 /* Frameworks */,
				4F6468991CC7558800D94FA7 /* Resources */,
			);
			buildRules = (
			);
			dependencies = (
			);
			name = testcell;
			productName = testcell;
			productReference = 4F64689B1CC7558800D94FA7 /* testcell.app */;
			productType = "com.apple.product-type.application";
		};
		4F6468B31CC7558800D94FA7 /* testcellTests */ = {
			isa = PBXNativeTarget;
			buildConfigurationList = 4F6468CB1CC7558800D94FA7 /* Build configuration list for PBXNativeTarget "testcellTests" */;
			buildPhases = (
				4F6468B01CC7558800D94FA7 /* Sources */,
				4F6468B11CC7558800D94FA7 /* Frameworks */,
				4F6468B21CC7558800D94FA7 /* Resources */,
			);
			buildRules = (
			);
			dependencies = (
				4F6468B61CC7558800D94FA7 /* PBXTargetDependency */,
			);
			name = testcellTests;
			productName = testcellTests;
			productReference = 4F6468B41CC7558800D94FA7 /* testcellTests.xctest */;
			productType = "com.apple.product-type.bundle.unit-test";
		};
		4F6468BE1CC7558800D94FA7 /* testcellUITests */ = {
			isa = PBXNativeTarget;
			buildConfigurationList = 4F6468CE1CC7558800D94FA7 /* Build configuration list for PBXNativeTarget "testcellUITests" */;
			buildPhases = (
				4F6468BB1CC7558800D94FA7 /* Sources */,
				4F6468BC1CC7558800D94FA7 /* Frameworks */,
				4F6468BD1CC7558800D94FA7 /* Resources */,
			);
			buildRules = (
			);
			dependencies = (
				4F6468C11CC7558800D94FA7 /* PBXTargetDependency */,
			);
			name = testcellUITests;
			productName = testcellUITests;
			productReference = 4F6468BF1CC7558800D94FA7 /* testcellUITests.xctest */;
			productType = "com.apple.product-type.bundle.ui-testing";
		};
/* End PBXNativeTarget section */

/* Begin PBXProject section */
		4F6468931CC7558800D94FA7 /* Project object */ = {
			isa = PBXProject;
			attributes = {
				LastUpgradeCheck = 0730;
				ORGANIZATIONNAME = "陈威利";
				TargetAttributes = {
					4F64689A1CC7558800D94FA7 = {
						CreatedOnToolsVersion = 7.3;
						DevelopmentTeam = J995UNL2CV;
					};
					4F6468B31CC7558800D94FA7 = {
						CreatedOnToolsVersion = 7.3;
						DevelopmentTeam = J995UNL2CV;
						TestTargetID = 4F64689A1CC7558800D94FA7;
					};
					4F6468BE1CC7558800D94FA7 = {
						CreatedOnToolsVersion = 7.3;
						DevelopmentTeam = J995UNL2CV;
						TestTargetID = 4F64689A1CC7558800D94FA7;
					};
				};
			};
			buildConfigurationList = 4F6468961CC7558800D94FA7 /* Build configuration list for PBXProject "testcell" */;
			compatibilityVersion = "Xcode 3.2";
			developmentRegion = English;
			hasScannedForEncodings = 0;
			knownRegions = (
				en,
				Base,
			);
			mainGroup = 4F6468921CC7558800D94FA7;
			productRefGroup = 4F64689C1CC7558800D94FA7 /* Products */;
			projectDirPath = "";
			projectRoot = "";
			targets = (
				4F64689A1CC7558800D94FA7 /* testcell */,
				4F6468B31CC7558800D94FA7 /* testcellTests */,
				4F6468BE1CC7558800D94FA7 /* testcellUITests */,
			);
		};
/* End PBXProject section */

/* Begin PBXResourcesBuildPhase section */
		4F6468991CC7558800D94FA7 /* Resources */ = {
			isa = PBXResourcesBuildPhase;
			buildActionMask = 2147483647;
			files = (
				4F2076B61CC781F100C12949 /* CollectionViewCell.xib in Resources */,
				4F2076EF1CC868CA00C12949 /* LICENSE in Resources */,
				4F6468AE1CC7558800D94FA7 /* LaunchScreen.storyboard in Resources */,
				4F6469A51CC75CB900D94FA7 /* Images.xcassets in Resources */,
				4F6468AB1CC7558800D94FA7 /* Assets.xcassets in Resources */,
				4F6468A91CC7558800D94FA7 /* Main.storyboard in Resources */,
				4F20765C1CC76F3700C12949 /* LICENSE in Resources */,
			);
			runOnlyForDeploymentPostprocessing = 0;
		};
		4F6468B21CC7558800D94FA7 /* Resources */ = {
			isa = PBXResourcesBuildPhase;
			buildActionMask = 2147483647;
			files = (
			);
			runOnlyForDeploymentPostprocessing = 0;
		};
		4F6468BD1CC7558800D94FA7 /* Resources */ = {
			isa = PBXResourcesBuildPhase;
			buildActionMask = 2147483647;
			files = (
			);
			runOnlyForDeploymentPostprocessing = 0;
		};
/* End PBXResourcesBuildPhase section */

/* Begin PBXSourcesBuildPhase section */
		4F6468971CC7558800D94FA7 /* Sources */ = {
			isa = PBXSourcesBuildPhase;
			buildActionMask = 2147483647;
			files = (
				4F2077901CC8789D00C12949 /* MyBaseLayout.m in Sources */,
				4F2076FA1CC868CA00C12949 /* UIImage+GIF.m in Sources */,
				4F2076CC1CC8673E00C12949 /* SDCycleScrollView.m in Sources */,
				4F2076C91CC8673E00C12949 /* TADotView.m in Sources */,
				4FBE6B8E1CC9C4B000A47166 /* JSONKeyMapper.m in Sources */,
				4F20779B1CC8789D00C12949 /* MyRelativeLayout.m in Sources */,
				4F2076F71CC868CA00C12949 /* SDWebImageManager.m in Sources */,
				4F2077931CC8789D00C12949 /* MyFlowLayout.m in Sources */,
				4F2077951CC8789D00C12949 /* MyLayoutDime.m in Sources */,
				4F2076CB1CC8673E00C12949 /* SDCollectionViewCell.m in Sources */,
				4F20765E1CC76F3700C12949 /* MASConstraint.m in Sources */,
				4F20779A1CC8789D00C12949 /* MyMaker.m in Sources */,
				4F2077991CC8789D00C12949 /* MyLinearLayout.m in Sources */,
				4F2076611CC76F3700C12949 /* MASViewAttribute.m in Sources */,
				4FBE6B8D1CC9C4B000A47166 /* JSONModel+networking.m in Sources */,
				4F2076C71CC8673E00C12949 /* TAAbstractDotView.m in Sources */,
				4F20765D1CC76F3700C12949 /* MASCompositeConstraint.m in Sources */,
				4F2076651CC76F3700C12949 /* View+MASAdditions.m in Sources */,
				4F6468A61CC7558800D94FA7 /* ViewController.m in Sources */,
				4F2077941CC8789D00C12949 /* MyFrameLayout.m in Sources */,
				4F20766A1CC7700100C12949 /* CZCountDownView.m in Sources */,
				4FBE6B561CC9BAE300A47166 /* AFURLRequestSerialization.m in Sources */,
				4F2076F91CC868CA00C12949 /* UIButton+WebCache.m in Sources */,
				4F2076FC1CC868CA00C12949 /* UIImageView+HighlightedWebCache.m in Sources */,
				4F2076C81CC8673E00C12949 /* TAAnimatedDotView.m in Sources */,
				4FBE6B891CC9C4B000A47166 /* JSONModelError.m in Sources */,
				4FBE6B8B1CC9C4B000A47166 /* JSONAPI.m in Sources */,
				4F2076671CC76F3700C12949 /* README.md in Sources */,
				4F2076FD1CC868CA00C12949 /* UIImageView+WebCache.m in Sources */,
				4F2076F21CC868CA00C12949 /* SDImageCache.m in Sources */,
				4F2076F31CC868CA00C12949 /* SDWebImageCompat.m in Sources */,
				4F2076631CC76F3700C12949 /* NSArray+MASAdditions.m in Sources */,
				4FBE6B531CC9BAE300A47166 /* AFHTTPSessionManager.m in Sources */,
				4F2077911CC8789D00C12949 /* MyDimeScale.m in Sources */,
				4F2077971CC8789D00C12949 /* MyLayoutPos.m in Sources */,
				4F2076F81CC868CA00C12949 /* SDWebImagePrefetcher.m in Sources */,
				4F2077921CC8789D00C12949 /* MyFloatLayout.m in Sources */,
				4F2076FB1CC868CA00C12949 /* UIImage+MultiFormat.m in Sources */,
				4F2076F41CC868CA00C12949 /* SDWebImageDecoder.m in Sources */,
				4F2076641CC76F3700C12949 /* NSLayoutConstraint+MASDebugAdditions.m in Sources */,
				4F6468D31CC7568D00D94FA7 /* TableViewCell.m in Sources */,
				4F2076661CC76F3700C12949 /* ViewController+MASAdditions.m in Sources */,
				4F2076CD1CC8673E00C12949 /* UIView+SDExtension.m in Sources */,
				4FBE6B8A1CC9C4B000A47166 /* NSArray+JSONModel.m in Sources */,
				4FBE6B541CC9BAE300A47166 /* AFNetworkReachabilityManager.m in Sources */,
				4FBE6B8F1CC9C4B000A47166 /* JSONValueTransformer.m in Sources */,
				4F2076621CC76F3700C12949 /* MASViewConstraint.m in Sources */,
				4F20765F1CC76F3700C12949 /* MASConstraintMaker.m in Sources */,
				4F6468A31CC7558800D94FA7 /* AppDelegate.m in Sources */,
				4F2076601CC76F3700C12949 /* MASLayoutConstraint.m in Sources */,
				4F2076B51CC781F100C12949 /* CollectionViewCell.m in Sources */,
				4FBE6B581CC9BAE300A47166 /* AFURLSessionManager.m in Sources */,
				4F2077961CC8789D00C12949 /* MyLayoutMeasure.m in Sources */,
				4F2076F11CC868CA00C12949 /* NSData+ImageContentType.m in Sources */,
				4FBE6B871CC9C4B000A47166 /* JSONModelArray.m in Sources */,
				4FBE6B551CC9BAE300A47166 /* AFSecurityPolicy.m in Sources */,
				4F2077981CC8789D00C12949 /* MyLayoutSizeClass.m in Sources */,
				4F2076CA1CC8673E00C12949 /* TAPageControl.m in Sources */,
				4FBE6B5B1CC9BB1B00A47166 /* HttpTool.m in Sources */,
				4F20779F1CC89E0E00C12949 /* TableViewCell3-hot.m in Sources */,
				4F2076F61CC868CA00C12949 /* SDWebImageDownloaderOperation.m in Sources */,
				4F2076F01CC868CA00C12949 /* README.md in Sources */,
				4F20776F1CC8781700C12949 /* TableViewCell2-MylinerLayout.m in Sources */,
				4FBE6B881CC9C4B000A47166 /* JSONModelClassProperty.m in Sources */,
				4F2076F51CC868CA00C12949 /* SDWebImageDownloader.m in Sources */,
				4F2076FE1CC868CA00C12949 /* UIView+WebCacheOperation.m in Sources */,
				4FBE6B571CC9BAE300A47166 /* AFURLResponseSerialization.m in Sources */,
				4FBE6B8C1CC9C4B000A47166 /* JSONHTTPClient.m in Sources */,
				4FBE6B861CC9C4B000A47166 /* JSONModel.m in Sources */,
				4F20779C1CC8789D00C12949 /* MyTableLayout.m in Sources */,
				4F6468A01CC7558800D94FA7 /* main.m in Sources */,
			);
			runOnlyForDeploymentPostprocessing = 0;
		};
		4F6468B01CC7558800D94FA7 /* Sources */ = {
			isa = PBXSourcesBuildPhase;
			buildActionMask = 2147483647;
			files = (
				4F6468B91CC7558800D94FA7 /* testcellTests.m in Sources */,
			);
			runOnlyForDeploymentPostprocessing = 0;
		};
		4F6468BB1CC7558800D94FA7 /* Sources */ = {
			isa = PBXSourcesBuildPhase;
			buildActionMask = 2147483647;
			files = (
				4F6468C41CC7558800D94FA7 /* testcellUITests.m in Sources */,
			);
			runOnlyForDeploymentPostprocessing = 0;
		};
/* End PBXSourcesBuildPhase section */

/* Begin PBXTargetDependency section */
		4F6468B61CC7558800D94FA7 /* PBXTargetDependency */ = {
			isa = PBXTargetDependency;
			target = 4F64689A1CC7558800D94FA7 /* testcell */;
			targetProxy = 4F6468B51CC7558800D94FA7 /* PBXContainerItemProxy */;
		};
		4F6468C11CC7558800D94FA7 /* PBXTargetDependency */ = {
			isa = PBXTargetDependency;
			target = 4F64689A1CC7558800D94FA7 /* testcell */;
			targetProxy = 4F6468C01CC7558800D94FA7 /* PBXContainerItemProxy */;
		};
/* End PBXTargetDependency section */

/* Begin PBXVariantGroup section */
		4F6468A71CC7558800D94FA7 /* Main.storyboard */ = {
			isa = PBXVariantGroup;
			children = (
				4F6468A81CC7558800D94FA7 /* Base */,
			);
			name = Main.storyboard;
			sourceTree = "<group>";
		};
		4F6468AC1CC7558800D94FA7 /* LaunchScreen.storyboard */ = {
			isa = PBXVariantGroup;
			children = (
				4F6468AD1CC7558800D94FA7 /* Base */,
			);
			name = LaunchScreen.storyboard;
			sourceTree = "<group>";
		};
/* End PBXVariantGroup section */

/* Begin XCBuildConfiguration section */
		4F6468C61CC7558800D94FA7 /* Debug */ = {
			isa = XCBuildConfiguration;
			buildSettings = {
				ALWAYS_SEARCH_USER_PATHS = NO;
				CLANG_ANALYZER_NONNULL = YES;
				CLANG_CXX_LANGUAGE_STANDARD = "gnu++0x";
				CLANG_CXX_LIBRARY = "libc++";
				CLANG_ENABLE_MODULES = YES;
				CLANG_ENABLE_OBJC_ARC = YES;
				CLANG_WARN_BOOL_CONVERSION = YES;
				CLANG_WARN_CONSTANT_CONVERSION = YES;
				CLANG_WARN_DIRECT_OBJC_ISA_USAGE = YES_ERROR;
				CLANG_WARN_EMPTY_BODY = YES;
				CLANG_WARN_ENUM_CONVERSION = YES;
				CLANG_WARN_INT_CONVERSION = YES;
				CLANG_WARN_OBJC_ROOT_CLASS = YES_ERROR;
				CLANG_WARN_UNREACHABLE_CODE = YES;
				CLANG_WARN__DUPLICATE_METHOD_MATCH = YES;
				"CODE_SIGN_IDENTITY[sdk=iphoneos*]" = "iPhone Developer";
				COPY_PHASE_STRIP = NO;
				DEBUG_INFORMATION_FORMAT = dwarf;
				ENABLE_STRICT_OBJC_MSGSEND = YES;
				ENABLE_TESTABILITY = YES;
				GCC_C_LANGUAGE_STANDARD = gnu99;
				GCC_DYNAMIC_NO_PIC = NO;
				GCC_NO_COMMON_BLOCKS = YES;
				GCC_OPTIMIZATION_LEVEL = 0;
				GCC_PREPROCESSOR_DEFINITIONS = (
					"DEBUG=1",
					"$(inherited)",
				);
				GCC_WARN_64_TO_32_BIT_CONVERSION = YES;
				GCC_WARN_ABOUT_RETURN_TYPE = YES_ERROR;
				GCC_WARN_UNDECLARED_SELECTOR = YES;
				GCC_WARN_UNINITIALIZED_AUTOS = YES_AGGRESSIVE;
				GCC_WARN_UNUSED_FUNCTION = YES;
				GCC_WARN_UNUSED_VARIABLE = YES;
				IPHONEOS_DEPLOYMENT_TARGET = 9.3;
				MTL_ENABLE_DEBUG_INFO = YES;
				ONLY_ACTIVE_ARCH = YES;
				SDKROOT = iphoneos;
				TARGETED_DEVICE_FAMILY = "1,2";
			};
			name = Debug;
		};
		4F6468C71CC7558800D94FA7 /* Release */ = {
			isa = XCBuildConfiguration;
			buildSettings = {
				ALWAYS_SEARCH_USER_PATHS = NO;
				CLANG_ANALYZER_NONNULL = YES;
				CLANG_CXX_LANGUAGE_STANDARD = "gnu++0x";
				CLANG_CXX_LIBRARY = "libc++";
				CLANG_ENABLE_MODULES = YES;
				CLANG_ENABLE_OBJC_ARC = YES;
				CLANG_WARN_BOOL_CONVERSION = YES;
				CLANG_WARN_CONSTANT_CONVERSION = YES;
				CLANG_WARN_DIRECT_OBJC_ISA_USAGE = YES_ERROR;
				CLANG_WARN_EMPTY_BODY = YES;
				CLANG_WARN_ENUM_CONVERSION = YES;
				CLANG_WARN_INT_CONVERSION = YES;
				CLANG_WARN_OBJC_ROOT_CLASS = YES_ERROR;
				CLANG_WARN_UNREACHABLE_CODE = YES;
				CLANG_WARN__DUPLICATE_METHOD_MATCH = YES;
				"CODE_SIGN_IDENTITY[sdk=iphoneos*]" = "iPhone Developer";
				COPY_PHASE_STRIP = NO;
				DEBUG_INFORMATION_FORMAT = "dwarf-with-dsym";
				ENABLE_NS_ASSERTIONS = NO;
				ENABLE_STRICT_OBJC_MSGSEND = YES;
				GCC_C_LANGUAGE_STANDARD = gnu99;
				GCC_NO_COMMON_BLOCKS = YES;
				GCC_WARN_64_TO_32_BIT_CONVERSION = YES;
				GCC_WARN_ABOUT_RETURN_TYPE = YES_ERROR;
				GCC_WARN_UNDECLARED_SELECTOR = YES;
				GCC_WARN_UNINITIALIZED_AUTOS = YES_AGGRESSIVE;
				GCC_WARN_UNUSED_FUNCTION = YES;
				GCC_WARN_UNUSED_VARIABLE = YES;
				IPHONEOS_DEPLOYMENT_TARGET = 9.3;
				MTL_ENABLE_DEBUG_INFO = NO;
				SDKROOT = iphoneos;
				TARGETED_DEVICE_FAMILY = "1,2";
				VALIDATE_PRODUCT = YES;
			};
			name = Release;
		};
		4F6468C91CC7558800D94FA7 /* Debug */ = {
			isa = XCBuildConfiguration;
			buildSettings = {
				ASSETCATALOG_COMPILER_APPICON_NAME = AppIcon;
				INFOPLIST_FILE = testcell/Info.plist;
				IPHONEOS_DEPLOYMENT_TARGET = 7.0;
				LD_RUNPATH_SEARCH_PATHS = "$(inherited) @executable_path/Frameworks";
				PRODUCT_BUNDLE_IDENTIFIER = drogonsoftbravo.com.testcell;
				PRODUCT_NAME = "$(TARGET_NAME)";
			};
			name = Debug;
		};
		4F6468CA1CC7558800D94FA7 /* Release */ = {
			isa = XCBuildConfiguration;
			buildSettings = {
				ASSETCATALOG_COMPILER_APPICON_NAME = AppIcon;
				INFOPLIST_FILE = testcell/Info.plist;
				IPHONEOS_DEPLOYMENT_TARGET = 7.0;
				LD_RUNPATH_SEARCH_PATHS = "$(inherited) @executable_path/Frameworks";
				PRODUCT_BUNDLE_IDENTIFIER = drogonsoftbravo.com.testcell;
				PRODUCT_NAME = "$(TARGET_NAME)";
			};
			name = Release;
		};
		4F6468CC1CC7558800D94FA7 /* Debug */ = {
			isa = XCBuildConfiguration;
			buildSettings = {
				BUNDLE_LOADER = "$(TEST_HOST)";
				INFOPLIST_FILE = testcellTests/Info.plist;
				LD_RUNPATH_SEARCH_PATHS = "$(inherited) @executable_path/Frameworks @loader_path/Frameworks";
				PRODUCT_BUNDLE_IDENTIFIER = drogonsoftbravo.com.testcellTests;
				PRODUCT_NAME = "$(TARGET_NAME)";
				TEST_HOST = "$(BUILT_PRODUCTS_DIR)/testcell.app/testcell";
			};
			name = Debug;
		};
		4F6468CD1CC7558800D94FA7 /* Release */ = {
			isa = XCBuildConfiguration;
			buildSettings = {
				BUNDLE_LOADER = "$(TEST_HOST)";
				INFOPLIST_FILE = testcellTests/Info.plist;
				LD_RUNPATH_SEARCH_PATHS = "$(inherited) @executable_path/Frameworks @loader_path/Frameworks";
				PRODUCT_BUNDLE_IDENTIFIER = drogonsoftbravo.com.testcellTests;
				PRODUCT_NAME = "$(TARGET_NAME)";
				TEST_HOST = "$(BUILT_PRODUCTS_DIR)/testcell.app/testcell";
			};
			name = Release;
		};
		4F6468CF1CC7558800D94FA7 /* Debug */ = {
			isa = XCBuildConfiguration;
			buildSettings = {
				INFOPLIST_FILE = testcellUITests/Info.plist;
				LD_RUNPATH_SEARCH_PATHS = "$(inherited) @executable_path/Frameworks @loader_path/Frameworks";
				PRODUCT_BUNDLE_IDENTIFIER = drogonsoftbravo.com.testcellUITests;
				PRODUCT_NAME = "$(TARGET_NAME)";
				TEST_TARGET_NAME = testcell;
			};
			name = Debug;
		};
		4F6468D01CC7558800D94FA7 /* Release */ = {
			isa = XCBuildConfiguration;
			buildSettings = {
				INFOPLIST_FILE = testcellUITests/Info.plist;
				LD_RUNPATH_SEARCH_PATHS = "$(inherited) @executable_path/Frameworks @loader_path/Frameworks";
				PRODUCT_BUNDLE_IDENTIFIER = drogonsoftbravo.com.testcellUITests;
				PRODUCT_NAME = "$(TARGET_NAME)";
				TEST_TARGET_NAME = testcell;
			};
			name = Release;
		};
/* End XCBuildConfiguration section */

/* Begin XCConfigurationList section */
		4F6468961CC7558800D94FA7 /* Build configuration list for PBXProject "testcell" */ = {
			isa = XCConfigurationList;
			buildConfigurations = (
				4F6468C61CC7558800D94FA7 /* Debug */,
				4F6468C71CC7558800D94FA7 /* Release */,
			);
			defaultConfigurationIsVisible = 0;
			defaultConfigurationName = Release;
		};
		4F6468C81CC7558800D94FA7 /* Build configuration list for PBXNativeTarget "testcell" */ = {
			isa = XCConfigurationList;
			buildConfigurations = (
				4F6468C91CC7558800D94FA7 /* Debug */,
				4F6468CA1CC7558800D94FA7 /* Release */,
			);
			defaultConfigurationIsVisible = 0;
			defaultConfigurationName = Release;
		};
		4F6468CB1CC7558800D94FA7 /* Build configuration list for PBXNativeTarget "testcellTests" */ = {
			isa = XCConfigurationList;
			buildConfigurations = (
				4F6468CC1CC7558800D94FA7 /* Debug */,
				4F6468CD1CC7558800D94FA7 /* Release */,
			);
			defaultConfigurationIsVisible = 0;
			defaultConfigurationName = Release;
		};
		4F6468CE1CC7558800D94FA7 /* Build configuration list for PBXNativeTarget "testcellUITests" */ = {
			isa = XCConfigurationList;
			buildConfigurations = (
				4F6468CF1CC7558800D94FA7 /* Debug */,
				4F6468D01CC7558800D94FA7 /* Release */,
			);
			defaultConfigurationIsVisible = 0;
			defaultConfigurationName = Release;
		};
/* End XCConfigurationList section */
	};
	rootObject = 4F6468931CC7558800D94FA7 /* Project object */;
}
